
Microsoft Visual Studio Solution File, Format Version 12.00
# Visual Studio Version 16
VisualStudioVersion = 16.0.29613.14
MinimumVisualStudioVersion = 10.0.40219.1
Project("{D954291E-2A0B-460D-934E-DC6B0785DB48}") = "LycaIle.Shared", "LycaIle\LycaIle.Shared\LycaIle.Shared.shproj", "{6279C845-92F8-4333-AB99-3D213163593C}"
EndProject
Project("{FAE04EC0-301F-11D3-BF4B-00C04F79EFBC}") = "LycaIle.Droid", "LycaIle\LycaIle.Droid\LycaIle.Droid.csproj", "{D56B8612-9CA5-465C-87CF-E9A6A9842F40}"
EndProject
Project("{FAE04EC0-301F-11D3-BF4B-00C04F79EFBC}") = "LycaIle.iOS", "LycaIle\LycaIle.iOS\LycaIle.iOS.csproj", "{A24D335E-97CB-4B9C-A71E-24CF6782B553}"
EndProject
Project("{FAE04EC0-301F-11D3-BF4B-00C04F79EFBC}") = "LycaIle.UWP", "LycaIle\LycaIle.UWP\LycaIle.UWP.csproj", "{267B0E82-32B5-4BF7-9DEA-F1B00AE0A991}"
EndProject
Project("{F184B08F-C81C-45F6-A57F-5ABD9991F28F}") = "LycaIle_VB", "LycaIle_VB\LycaIle_VB.vbproj", "{46186162-CE28-448D-BB01-0454CD758F85}"
EndProject
Project("{D954291E-2A0B-460D-934E-DC6B0785DB48}") = "VirginMobIle.Shared", "VirginMobIle\VirginMobIle.Shared\VirginMobIle.Shared.shproj", "{F89535DF-1718-4973-9946-C0D87245C66A}"
EndProject
Project("{FAE04EC0-301F-11D3-BF4B-00C04F79EFBC}") = "VirginMobIle.Droid", "VirginMobIle\VirginMobIle.Droid\VirginMobIle.Droid.csproj", "{0F49A143-D70F-4E34-A1E4-352F87624597}"
EndProject
Project("{FAE04EC0-301F-11D3-BF4B-00C04F79EFBC}") = "VirginMobIle.iOS", "VirginMobIle\VirginMobIle.iOS\VirginMobIle.iOS.csproj", "{8938C64C-3CAE-4A73-A821-2255F2B3F9BE}"
EndProject
Project("{FAE04EC0-301F-11D3-BF4B-00C04F79EFBC}") = "VirginMobIle.UWP", "VirginMobIle\VirginMobIle.UWP\VirginMobIle.UWP.csproj", "{762CC74B-44B4-4491-9064-0A6EA5B2CEED}"
EndProject
Global
	GlobalSection(SharedMSBuildProjectFiles) = preSolution
		VirginMobIle\VirginMobIle.Shared\VirginMobIle.Shared.projitems*{0f49a143-d70f-4e34-a1e4-352f87624597}*SharedItemsImports = 4
		LycaIle\LycaIle.Shared\LycaIle.Shared.projitems*{267b0e82-32b5-4bf7-9dea-f1b00ae0a991}*SharedItemsImports = 4
		LycaIle\LycaIle.Shared\LycaIle.Shared.projitems*{6279c845-92f8-4333-ab99-3d213163593c}*SharedItemsImports = 13
		VirginMobIle\VirginMobIle.Shared\VirginMobIle.Shared.projitems*{762cc74b-44b4-4491-9064-0a6ea5b2ceed}*SharedItemsImports = 4
		LycaIle\LycaIle.Shared\LycaIle.Shared.projitems*{a24d335e-97cb-4b9c-a71e-24cf6782b553}*SharedItemsImports = 4
		LycaIle\LycaIle.Shared\LycaIle.Shared.projitems*{d56b8612-9ca5-465c-87cf-e9a6a9842f40}*SharedItemsImports = 4
		VirginMobIle\VirginMobIle.Shared\VirginMobIle.Shared.projitems*{f89535df-1718-4973-9946-c0d87245c66a}*SharedItemsImports = 13
	EndGlobalSection
	GlobalSection(SolutionConfigurationPlatforms) = preSolution
		Ad-Hoc|Any CPU = Ad-Hoc|Any CPU
		Ad-Hoc|ARM = Ad-Hoc|ARM
		Ad-Hoc|ARM64 = Ad-Hoc|ARM64
		Ad-Hoc|iPhone = Ad-Hoc|iPhone
		Ad-Hoc|iPhoneSimulator = Ad-Hoc|iPhoneSimulator
		Ad-Hoc|x64 = Ad-Hoc|x64
		Ad-Hoc|x86 = Ad-Hoc|x86
		AppStore|Any CPU = AppStore|Any CPU
		AppStore|ARM = AppStore|ARM
		AppStore|ARM64 = AppStore|ARM64
		AppStore|iPhone = AppStore|iPhone
		AppStore|iPhoneSimulator = AppStore|iPhoneSimulator
		AppStore|x64 = AppStore|x64
		AppStore|x86 = AppStore|x86
		Debug|Any CPU = Debug|Any CPU
		Debug|ARM = Debug|ARM
		Debug|ARM64 = Debug|ARM64
		Debug|iPhone = Debug|iPhone
		Debug|iPhoneSimulator = Debug|iPhoneSimulator
		Debug|x64 = Debug|x64
		Debug|x86 = Debug|x86
		Release|Any CPU = Release|Any CPU
		Release|ARM = Release|ARM
		Release|ARM64 = Release|ARM64
		Release|iPhone = Release|iPhone
		Release|iPhoneSimulator = Release|iPhoneSimulator
		Release|x64 = Release|x64
		Release|x86 = Release|x86
	EndGlobalSection
	GlobalSection(ProjectConfigurationPlatforms) = postSolution
		{D56B8612-9CA5-465C-87CF-E9A6A9842F40}.Ad-Hoc|Any CPU.ActiveCfg = Release|Any CPU
		{D56B8612-9CA5-465C-87CF-E9A6A9842F40}.Ad-Hoc|Any CPU.Build.0 = Release|Any CPU
		{D56B8612-9CA5-465C-87CF-E9A6A9842F40}.Ad-Hoc|Any CPU.Deploy.0 = Release|Any CPU
		{D56B8612-9CA5-465C-87CF-E9A6A9842F40}.Ad-Hoc|ARM.ActiveCfg = Release|Any CPU
		{D56B8612-9CA5-465C-87CF-E9A6A9842F40}.Ad-Hoc|ARM.Build.0 = Release|Any CPU
		{D56B8612-9CA5-465C-87CF-E9A6A9842F40}.Ad-Hoc|ARM.Deploy.0 = Release|Any CPU
		{D56B8612-9CA5-465C-87CF-E9A6A9842F40}.Ad-Hoc|ARM64.ActiveCfg = Release|Any CPU
		{D56B8612-9CA5-465C-87CF-E9A6A9842F40}.Ad-Hoc|ARM64.Build.0 = Release|Any CPU
		{D56B8612-9CA5-465C-87CF-E9A6A9842F40}.Ad-Hoc|ARM64.Deploy.0 = Release|Any CPU
		{D56B8612-9CA5-465C-87CF-E9A6A9842F40}.Ad-Hoc|iPhone.ActiveCfg = Release|Any CPU
		{D56B8612-9CA5-465C-87CF-E9A6A9842F40}.Ad-Hoc|iPhone.Build.0 = Release|Any CPU
		{D56B8612-9CA5-465C-87CF-E9A6A9842F40}.Ad-Hoc|iPhone.Deploy.0 = Release|Any CPU
		{D56B8612-9CA5-465C-87CF-E9A6A9842F40}.Ad-Hoc|iPhoneSimulator.ActiveCfg = Release|Any CPU
		{D56B8612-9CA5-465C-87CF-E9A6A9842F40}.Ad-Hoc|iPhoneSimulator.Build.0 = Release|Any CPU
		{D56B8612-9CA5-465C-87CF-E9A6A9842F40}.Ad-Hoc|iPhoneSimulator.Deploy.0 = Release|Any CPU
		{D56B8612-9CA5-465C-87CF-E9A6A9842F40}.Ad-Hoc|x64.ActiveCfg = Release|Any CPU
		{D56B8612-9CA5-465C-87CF-E9A6A9842F40}.Ad-Hoc|x64.Build.0 = Release|Any CPU
		{D56B8612-9CA5-465C-87CF-E9A6A9842F40}.Ad-Hoc|x64.Deploy.0 = Release|Any CPU
		{D56B8612-9CA5-465C-87CF-E9A6A9842F40}.Ad-Hoc|x86.ActiveCfg = Release|Any CPU
		{D56B8612-9CA5-465C-87CF-E9A6A9842F40}.Ad-Hoc|x86.Build.0 = Release|Any CPU
		{D56B8612-9CA5-465C-87CF-E9A6A9842F40}.Ad-Hoc|x86.Deploy.0 = Release|Any CPU
		{D56B8612-9CA5-465C-87CF-E9A6A9842F40}.AppStore|Any CPU.ActiveCfg = Release|Any CPU
		{D56B8612-9CA5-465C-87CF-E9A6A9842F40}.AppStore|Any CPU.Build.0 = Release|Any CPU
		{D56B8612-9CA5-465C-87CF-E9A6A9842F40}.AppStore|Any CPU.Deploy.0 = Release|Any CPU
		{D56B8612-9CA5-465C-87CF-E9A6A9842F40}.AppStore|ARM.ActiveCfg = Release|Any CPU
		{D56B8612-9CA5-465C-87CF-E9A6A9842F40}.AppStore|ARM.Build.0 = Release|Any CPU
		{D56B8612-9CA5-465C-87CF-E9A6A9842F40}.AppStore|ARM.Deploy.0 = Release|Any CPU
		{D56B8612-9CA5-465C-87CF-E9A6A9842F40}.AppStore|ARM64.ActiveCfg = Release|Any CPU
		{D56B8612-9CA5-465C-87CF-E9A6A9842F40}.AppStore|ARM64.Build.0 = Release|Any CPU
		{D56B8612-9CA5-465C-87CF-E9A6A9842F40}.AppStore|ARM64.Deploy.0 = Release|Any CPU
		{D56B8612-9CA5-465C-87CF-E9A6A9842F40}.AppStore|iPhone.ActiveCfg = Release|Any CPU
		{D56B8612-9CA5-465C-87CF-E9A6A9842F40}.AppStore|iPhone.Build.0 = Release|Any CPU
		{D56B8612-9CA5-465C-87CF-E9A6A9842F40}.AppStore|iPhone.Deploy.0 = Release|Any CPU
		{D56B8612-9CA5-465C-87CF-E9A6A9842F40}.AppStore|iPhoneSimulator.ActiveCfg = Release|Any CPU
		{D56B8612-9CA5-465C-87CF-E9A6A9842F40}.AppStore|iPhoneSimulator.Build.0 = Release|Any CPU
		{D56B8612-9CA5-465C-87CF-E9A6A9842F40}.AppStore|iPhoneSimulator.Deploy.0 = Release|Any CPU
		{D56B8612-9CA5-465C-87CF-E9A6A9842F40}.AppStore|x64.ActiveCfg = Release|Any CPU
		{D56B8612-9CA5-465C-87CF-E9A6A9842F40}.AppStore|x64.Build.0 = Release|Any CPU
		{D56B8612-9CA5-465C-87CF-E9A6A9842F40}.AppStore|x64.Deploy.0 = Release|Any CPU
		{D56B8612-9CA5-465C-87CF-E9A6A9842F40}.AppStore|x86.ActiveCfg = Release|Any CPU
		{D56B8612-9CA5-465C-87CF-E9A6A9842F40}.AppStore|x86.Build.0 = Release|Any CPU
		{D56B8612-9CA5-465C-87CF-E9A6A9842F40}.AppStore|x86.Deploy.0 = Release|Any CPU
		{D56B8612-9CA5-465C-87CF-E9A6A9842F40}.Debug|Any CPU.ActiveCfg = Debug|Any CPU
		{D56B8612-9CA5-465C-87CF-E9A6A9842F40}.Debug|Any CPU.Build.0 = Debug|Any CPU
		{D56B8612-9CA5-465C-87CF-E9A6A9842F40}.Debug|Any CPU.Deploy.0 = Debug|Any CPU
		{D56B8612-9CA5-465C-87CF-E9A6A9842F40}.Debug|ARM.ActiveCfg = Debug|Any CPU
		{D56B8612-9CA5-465C-87CF-E9A6A9842F40}.Debug|ARM.Build.0 = Debug|Any CPU
		{D56B8612-9CA5-465C-87CF-E9A6A9842F40}.Debug|ARM.Deploy.0 = Debug|Any CPU
		{D56B8612-9CA5-465C-87CF-E9A6A9842F40}.Debug|ARM64.ActiveCfg = Debug|Any CPU
		{D56B8612-9CA5-465C-87CF-E9A6A9842F40}.Debug|ARM64.Build.0 = Debug|Any CPU
		{D56B8612-9CA5-465C-87CF-E9A6A9842F40}.Debug|ARM64.Deploy.0 = Debug|Any CPU
		{D56B8612-9CA5-465C-87CF-E9A6A9842F40}.Debug|iPhone.ActiveCfg = Debug|Any CPU
		{D56B8612-9CA5-465C-87CF-E9A6A9842F40}.Debug|iPhone.Build.0 = Debug|Any CPU
		{D56B8612-9CA5-465C-87CF-E9A6A9842F40}.Debug|iPhone.Deploy.0 = Debug|Any CPU
		{D56B8612-9CA5-465C-87CF-E9A6A9842F40}.Debug|iPhoneSimulator.ActiveCfg = Debug|Any CPU
		{D56B8612-9CA5-465C-87CF-E9A6A9842F40}.Debug|iPhoneSimulator.Build.0 = Debug|Any CPU
		{D56B8612-9CA5-465C-87CF-E9A6A9842F40}.Debug|iPhoneSimulator.Deploy.0 = Debug|Any CPU
		{D56B8612-9CA5-465C-87CF-E9A6A9842F40}.Debug|x64.ActiveCfg = Debug|Any CPU
		{D56B8612-9CA5-465C-87CF-E9A6A9842F40}.Debug|x64.Build.0 = Debug|Any CPU
		{D56B8612-9CA5-465C-87CF-E9A6A9842F40}.Debug|x64.Deploy.0 = Debug|Any CPU
		{D56B8612-9CA5-465C-87CF-E9A6A9842F40}.Debug|x86.ActiveCfg = Debug|Any CPU
		{D56B8612-9CA5-465C-87CF-E9A6A9842F40}.Debug|x86.Build.0 = Debug|Any CPU
		{D56B8612-9CA5-465C-87CF-E9A6A9842F40}.Debug|x86.Deploy.0 = Debug|Any CPU
		{D56B8612-9CA5-465C-87CF-E9A6A9842F40}.Release|Any CPU.ActiveCfg = Release|Any CPU
		{D56B8612-9CA5-465C-87CF-E9A6A9842F40}.Release|Any CPU.Build.0 = Release|Any CPU
		{D56B8612-9CA5-465C-87CF-E9A6A9842F40}.Release|Any CPU.Deploy.0 = Release|Any CPU
		{D56B8612-9CA5-465C-87CF-E9A6A9842F40}.Release|ARM.ActiveCfg = Release|Any CPU
		{D56B8612-9CA5-465C-87CF-E9A6A9842F40}.Release|ARM.Build.0 = Release|Any CPU
		{D56B8612-9CA5-465C-87CF-E9A6A9842F40}.Release|ARM.Deploy.0 = Release|Any CPU
		{D56B8612-9CA5-465C-87CF-E9A6A9842F40}.Release|ARM64.ActiveCfg = Release|Any CPU
		{D56B8612-9CA5-465C-87CF-E9A6A9842F40}.Release|ARM64.Build.0 = Release|Any CPU
		{D56B8612-9CA5-465C-87CF-E9A6A9842F40}.Release|ARM64.Deploy.0 = Release|Any CPU
		{D56B8612-9CA5-465C-87CF-E9A6A9842F40}.Release|iPhone.ActiveCfg = Release|Any CPU
		{D56B8612-9CA5-465C-87CF-E9A6A9842F40}.Release|iPhone.Build.0 = Release|Any CPU
		{D56B8612-9CA5-465C-87CF-E9A6A9842F40}.Release|iPhone.Deploy.0 = Release|Any CPU
		{D56B8612-9CA5-465C-87CF-E9A6A9842F40}.Release|iPhoneSimulator.ActiveCfg = Release|Any CPU
		{D56B8612-9CA5-465C-87CF-E9A6A9842F40}.Release|iPhoneSimulator.Build.0 = Release|Any CPU
		{D56B8612-9CA5-465C-87CF-E9A6A9842F40}.Release|iPhoneSimulator.Deploy.0 = Release|Any CPU
		{D56B8612-9CA5-465C-87CF-E9A6A9842F40}.Release|x64.ActiveCfg = Release|Any CPU
		{D56B8612-9CA5-465C-87CF-E9A6A9842F40}.Release|x64.Build.0 = Release|Any CPU
		{D56B8612-9CA5-465C-87CF-E9A6A9842F40}.Release|x64.Deploy.0 = Release|Any CPU
		{D56B8612-9CA5-465C-87CF-E9A6A9842F40}.Release|x86.ActiveCfg = Release|Any CPU
		{D56B8612-9CA5-465C-87CF-E9A6A9842F40}.Release|x86.Build.0 = Release|Any CPU
		{D56B8612-9CA5-465C-87CF-E9A6A9842F40}.Release|x86.Deploy.0 = Release|Any CPU
		{A24D335E-97CB-4B9C-A71E-24CF6782B553}.Ad-Hoc|Any CPU.ActiveCfg = Ad-Hoc|iPhone
		{A24D335E-97CB-4B9C-A71E-24CF6782B553}.Ad-Hoc|ARM.ActiveCfg = Ad-Hoc|iPhone
		{A24D335E-97CB-4B9C-A71E-24CF6782B553}.Ad-Hoc|ARM64.ActiveCfg = Ad-Hoc|iPhone
		{A24D335E-97CB-4B9C-A71E-24CF6782B553}.Ad-Hoc|iPhone.ActiveCfg = Ad-Hoc|iPhone
		{A24D335E-97CB-4B9C-A71E-24CF6782B553}.Ad-Hoc|iPhone.Build.0 = Ad-Hoc|iPhone
		{A24D335E-97CB-4B9C-A71E-24CF6782B553}.Ad-Hoc|iPhoneSimulator.ActiveCfg = Ad-Hoc|iPhoneSimulator
		{A24D335E-97CB-4B9C-A71E-24CF6782B553}.Ad-Hoc|iPhoneSimulator.Build.0 = Ad-Hoc|iPhoneSimulator
		{A24D335E-97CB-4B9C-A71E-24CF6782B553}.Ad-Hoc|x64.ActiveCfg = Ad-Hoc|iPhone
		{A24D335E-97CB-4B9C-A71E-24CF6782B553}.Ad-Hoc|x86.ActiveCfg = Ad-Hoc|iPhone
		{A24D335E-97CB-4B9C-A71E-24CF6782B553}.AppStore|Any CPU.ActiveCfg = AppStore|iPhone
		{A24D335E-97CB-4B9C-A71E-24CF6782B553}.AppStore|ARM.ActiveCfg = AppStore|iPhone
		{A24D335E-97CB-4B9C-A71E-24CF6782B553}.AppStore|ARM64.ActiveCfg = AppStore|iPhone
		{A24D335E-97CB-4B9C-A71E-24CF6782B553}.AppStore|iPhone.ActiveCfg = AppStore|iPhone
		{A24D335E-97CB-4B9C-A71E-24CF6782B553}.AppStore|iPhone.Build.0 = AppStore|iPhone
		{A24D335E-97CB-4B9C-A71E-24CF6782B553}.AppStore|iPhoneSimulator.ActiveCfg = AppStore|iPhoneSimulator
		{A24D335E-97CB-4B9C-A71E-24CF6782B553}.AppStore|iPhoneSimulator.Build.0 = AppStore|iPhoneSimulator
		{A24D335E-97CB-4B9C-A71E-24CF6782B553}.AppStore|x64.ActiveCfg = AppStore|iPhone
		{A24D335E-97CB-4B9C-A71E-24CF6782B553}.AppStore|x86.ActiveCfg = AppStore|iPhone
		{A24D335E-97CB-4B9C-A71E-24CF6782B553}.Debug|Any CPU.ActiveCfg = Debug|iPhone
		{A24D335E-97CB-4B9C-A71E-24CF6782B553}.Debug|ARM.ActiveCfg = Debug|iPhone
		{A24D335E-97CB-4B9C-A71E-24CF6782B553}.Debug|ARM64.ActiveCfg = Debug|iPhone
		{A24D335E-97CB-4B9C-A71E-24CF6782B553}.Debug|iPhone.ActiveCfg = Debug|iPhone
		{A24D335E-97CB-4B9C-A71E-24CF6782B553}.Debug|iPhone.Build.0 = Debug|iPhone
		{A24D335E-97CB-4B9C-A71E-24CF6782B553}.Debug|iPhoneSimulator.ActiveCfg = Debug|iPhoneSimulator
		{A24D335E-97CB-4B9C-A71E-24CF6782B553}.Debug|iPhoneSimulator.Build.0 = Debug|iPhoneSimulator
		{A24D335E-97CB-4B9C-A71E-24CF6782B553}.Debug|x64.ActiveCfg = Debug|iPhone
		{A24D335E-97CB-4B9C-A71E-24CF6782B553}.Debug|x86.ActiveCfg = Debug|iPhone
		{A24D335E-97CB-4B9C-A71E-24CF6782B553}.Release|Any CPU.ActiveCfg = Release|iPhone
		{A24D335E-97CB-4B9C-A71E-24CF6782B553}.Release|ARM.ActiveCfg = Release|iPhone
		{A24D335E-97CB-4B9C-A71E-24CF6782B553}.Release|ARM64.ActiveCfg = Release|iPhone
		{A24D335E-97CB-4B9C-A71E-24CF6782B553}.Release|iPhone.ActiveCfg = Release|iPhone
		{A24D335E-97CB-4B9C-A71E-24CF6782B553}.Release|iPhone.Build.0 = Release|iPhone
		{A24D335E-97CB-4B9C-A71E-24CF6782B553}.Release|iPhoneSimulator.ActiveCfg = Release|iPhoneSimulator
		{A24D335E-97CB-4B9C-A71E-24CF6782B553}.Release|iPhoneSimulator.Build.0 = Release|iPhoneSimulator
		{A24D335E-97CB-4B9C-A71E-24CF6782B553}.Release|x64.ActiveCfg = Release|iPhone
		{A24D335E-97CB-4B9C-A71E-24CF6782B553}.Release|x86.ActiveCfg = Release|iPhone
		{267B0E82-32B5-4BF7-9DEA-F1B00AE0A991}.Ad-Hoc|Any CPU.ActiveCfg = Release|x64
		{267B0E82-32B5-4BF7-9DEA-F1B00AE0A991}.Ad-Hoc|Any CPU.Build.0 = Release|x64
		{267B0E82-32B5-4BF7-9DEA-F1B00AE0A991}.Ad-Hoc|Any CPU.Deploy.0 = Release|x64
		{267B0E82-32B5-4BF7-9DEA-F1B00AE0A991}.Ad-Hoc|ARM.ActiveCfg = Release|ARM
		{267B0E82-32B5-4BF7-9DEA-F1B00AE0A991}.Ad-Hoc|ARM.Build.0 = Release|ARM
		{267B0E82-32B5-4BF7-9DEA-F1B00AE0A991}.Ad-Hoc|ARM.Deploy.0 = Release|ARM
		{267B0E82-32B5-4BF7-9DEA-F1B00AE0A991}.Ad-Hoc|ARM64.ActiveCfg = Release|x64
		{267B0E82-32B5-4BF7-9DEA-F1B00AE0A991}.Ad-Hoc|ARM64.Build.0 = Release|x64
		{267B0E82-32B5-4BF7-9DEA-F1B00AE0A991}.Ad-Hoc|ARM64.Deploy.0 = Release|x64
		{267B0E82-32B5-4BF7-9DEA-F1B00AE0A991}.Ad-Hoc|iPhone.ActiveCfg = Release|x64
		{267B0E82-32B5-4BF7-9DEA-F1B00AE0A991}.Ad-Hoc|iPhone.Build.0 = Release|x64
		{267B0E82-32B5-4BF7-9DEA-F1B00AE0A991}.Ad-Hoc|iPhone.Deploy.0 = Release|x64
		{267B0E82-32B5-4BF7-9DEA-F1B00AE0A991}.Ad-Hoc|iPhoneSimulator.ActiveCfg = Release|x64
		{267B0E82-32B5-4BF7-9DEA-F1B00AE0A991}.Ad-Hoc|iPhoneSimulator.Build.0 = Release|x64
		{267B0E82-32B5-4BF7-9DEA-F1B00AE0A991}.Ad-Hoc|iPhoneSimulator.Deploy.0 = Release|x64
		{267B0E82-32B5-4BF7-9DEA-F1B00AE0A991}.Ad-Hoc|x64.ActiveCfg = Release|x64
		{267B0E82-32B5-4BF7-9DEA-F1B00AE0A991}.Ad-Hoc|x64.Build.0 = Release|x64
		{267B0E82-32B5-4BF7-9DEA-F1B00AE0A991}.Ad-Hoc|x64.Deploy.0 = Release|x64
		{267B0E82-32B5-4BF7-9DEA-F1B00AE0A991}.Ad-Hoc|x86.ActiveCfg = Release|x86
		{267B0E82-32B5-4BF7-9DEA-F1B00AE0A991}.Ad-Hoc|x86.Build.0 = Release|x86
		{267B0E82-32B5-4BF7-9DEA-F1B00AE0A991}.Ad-Hoc|x86.Deploy.0 = Release|x86
		{267B0E82-32B5-4BF7-9DEA-F1B00AE0A991}.AppStore|Any CPU.ActiveCfg = Release|x64
		{267B0E82-32B5-4BF7-9DEA-F1B00AE0A991}.AppStore|Any CPU.Build.0 = Release|x64
		{267B0E82-32B5-4BF7-9DEA-F1B00AE0A991}.AppStore|Any CPU.Deploy.0 = Release|x64
		{267B0E82-32B5-4BF7-9DEA-F1B00AE0A991}.AppStore|ARM.ActiveCfg = Release|ARM
		{267B0E82-32B5-4BF7-9DEA-F1B00AE0A991}.AppStore|ARM.Build.0 = Release|ARM
		{267B0E82-32B5-4BF7-9DEA-F1B00AE0A991}.AppStore|ARM.Deploy.0 = Release|ARM
		{267B0E82-32B5-4BF7-9DEA-F1B00AE0A991}.AppStore|ARM64.ActiveCfg = Release|x64
		{267B0E82-32B5-4BF7-9DEA-F1B00AE0A991}.AppStore|ARM64.Build.0 = Release|x64
		{267B0E82-32B5-4BF7-9DEA-F1B00AE0A991}.AppStore|ARM64.Deploy.0 = Release|x64
		{267B0E82-32B5-4BF7-9DEA-F1B00AE0A991}.AppStore|iPhone.ActiveCfg = Release|x64
		{267B0E82-32B5-4BF7-9DEA-F1B00AE0A991}.AppStore|iPhone.Build.0 = Release|x64
		{267B0E82-32B5-4BF7-9DEA-F1B00AE0A991}.AppStore|iPhone.Deploy.0 = Release|x64
		{267B0E82-32B5-4BF7-9DEA-F1B00AE0A991}.AppStore|iPhoneSimulator.ActiveCfg = Release|x64
		{267B0E82-32B5-4BF7-9DEA-F1B00AE0A991}.AppStore|iPhoneSimulator.Build.0 = Release|x64
		{267B0E82-32B5-4BF7-9DEA-F1B00AE0A991}.AppStore|iPhoneSimulator.Deploy.0 = Release|x64
		{267B0E82-32B5-4BF7-9DEA-F1B00AE0A991}.AppStore|x64.ActiveCfg = Release|x64
		{267B0E82-32B5-4BF7-9DEA-F1B00AE0A991}.AppStore|x64.Build.0 = Release|x64
		{267B0E82-32B5-4BF7-9DEA-F1B00AE0A991}.AppStore|x64.Deploy.0 = Release|x64
		{267B0E82-32B5-4BF7-9DEA-F1B00AE0A991}.AppStore|x86.ActiveCfg = Release|x86
		{267B0E82-32B5-4BF7-9DEA-F1B00AE0A991}.AppStore|x86.Build.0 = Release|x86
		{267B0E82-32B5-4BF7-9DEA-F1B00AE0A991}.AppStore|x86.Deploy.0 = Release|x86
		{267B0E82-32B5-4BF7-9DEA-F1B00AE0A991}.Debug|Any CPU.ActiveCfg = Debug|x86
		{267B0E82-32B5-4BF7-9DEA-F1B00AE0A991}.Debug|ARM.ActiveCfg = Debug|ARM
		{267B0E82-32B5-4BF7-9DEA-F1B00AE0A991}.Debug|ARM.Build.0 = Debug|ARM
		{267B0E82-32B5-4BF7-9DEA-F1B00AE0A991}.Debug|ARM.Deploy.0 = Debug|ARM
		{267B0E82-32B5-4BF7-9DEA-F1B00AE0A991}.Debug|ARM64.ActiveCfg = Debug|x86
		{267B0E82-32B5-4BF7-9DEA-F1B00AE0A991}.Debug|iPhone.ActiveCfg = Debug|x86
		{267B0E82-32B5-4BF7-9DEA-F1B00AE0A991}.Debug|iPhoneSimulator.ActiveCfg = Debug|x86
		{267B0E82-32B5-4BF7-9DEA-F1B00AE0A991}.Debug|x64.ActiveCfg = Debug|x64
		{267B0E82-32B5-4BF7-9DEA-F1B00AE0A991}.Debug|x64.Build.0 = Debug|x64
		{267B0E82-32B5-4BF7-9DEA-F1B00AE0A991}.Debug|x64.Deploy.0 = Debug|x64
		{267B0E82-32B5-4BF7-9DEA-F1B00AE0A991}.Debug|x86.ActiveCfg = Debug|x86
		{267B0E82-32B5-4BF7-9DEA-F1B00AE0A991}.Debug|x86.Build.0 = Debug|x86
		{267B0E82-32B5-4BF7-9DEA-F1B00AE0A991}.Debug|x86.Deploy.0 = Debug|x86
		{267B0E82-32B5-4BF7-9DEA-F1B00AE0A991}.Release|Any CPU.ActiveCfg = Release|x86
		{267B0E82-32B5-4BF7-9DEA-F1B00AE0A991}.Release|ARM.ActiveCfg = Release|ARM
		{267B0E82-32B5-4BF7-9DEA-F1B00AE0A991}.Release|ARM.Build.0 = Release|ARM
		{267B0E82-32B5-4BF7-9DEA-F1B00AE0A991}.Release|ARM.Deploy.0 = Release|ARM
		{267B0E82-32B5-4BF7-9DEA-F1B00AE0A991}.Release|ARM64.ActiveCfg = Release|x86
		{267B0E82-32B5-4BF7-9DEA-F1B00AE0A991}.Release|iPhone.ActiveCfg = Release|x86
		{267B0E82-32B5-4BF7-9DEA-F1B00AE0A991}.Release|iPhoneSimulator.ActiveCfg = Release|x86
		{267B0E82-32B5-4BF7-9DEA-F1B00AE0A991}.Release|x64.ActiveCfg = Release|x64
		{267B0E82-32B5-4BF7-9DEA-F1B00AE0A991}.Release|x64.Build.0 = Release|x64
		{267B0E82-32B5-4BF7-9DEA-F1B00AE0A991}.Release|x64.Deploy.0 = Release|x64
		{267B0E82-32B5-4BF7-9DEA-F1B00AE0A991}.Release|x86.ActiveCfg = Release|x86
		{267B0E82-32B5-4BF7-9DEA-F1B00AE0A991}.Release|x86.Build.0 = Release|x86
		{267B0E82-32B5-4BF7-9DEA-F1B00AE0A991}.Release|x86.Deploy.0 = Release|x86
		{46186162-CE28-448D-BB01-0454CD758F85}.Ad-Hoc|Any CPU.ActiveCfg = Release|x64
		{46186162-CE28-448D-BB01-0454CD758F85}.Ad-Hoc|Any CPU.Build.0 = Release|x64
		{46186162-CE28-448D-BB01-0454CD758F85}.Ad-Hoc|Any CPU.Deploy.0 = Release|x64
		{46186162-CE28-448D-BB01-0454CD758F85}.Ad-Hoc|ARM.ActiveCfg = Release|ARM
		{46186162-CE28-448D-BB01-0454CD758F85}.Ad-Hoc|ARM.Build.0 = Release|ARM
		{46186162-CE28-448D-BB01-0454CD758F85}.Ad-Hoc|ARM.Deploy.0 = Release|ARM
		{46186162-CE28-448D-BB01-0454CD758F85}.Ad-Hoc|ARM64.ActiveCfg = Release|x64
		{46186162-CE28-448D-BB01-0454CD758F85}.Ad-Hoc|ARM64.Build.0 = Release|x64
		{46186162-CE28-448D-BB01-0454CD758F85}.Ad-Hoc|ARM64.Deploy.0 = Release|x64
		{46186162-CE28-448D-BB01-0454CD758F85}.Ad-Hoc|iPhone.ActiveCfg = Release|x64
		{46186162-CE28-448D-BB01-0454CD758F85}.Ad-Hoc|iPhone.Build.0 = Release|x64
		{46186162-CE28-448D-BB01-0454CD758F85}.Ad-Hoc|iPhone.Deploy.0 = Release|x64
		{46186162-CE28-448D-BB01-0454CD758F85}.Ad-Hoc|iPhoneSimulator.ActiveCfg = Release|x64
		{46186162-CE28-448D-BB01-0454CD758F85}.Ad-Hoc|iPhoneSimulator.Build.0 = Release|x64
		{46186162-CE28-448D-BB01-0454CD758F85}.Ad-Hoc|iPhoneSimulator.Deploy.0 = Release|x64
		{46186162-CE28-448D-BB01-0454CD758F85}.Ad-Hoc|x64.ActiveCfg = Release|x64
		{46186162-CE28-448D-BB01-0454CD758F85}.Ad-Hoc|x64.Build.0 = Release|x64
		{46186162-CE28-448D-BB01-0454CD758F85}.Ad-Hoc|x64.Deploy.0 = Release|x64
		{46186162-CE28-448D-BB01-0454CD758F85}.Ad-Hoc|x86.ActiveCfg = Release|x86
		{46186162-CE28-448D-BB01-0454CD758F85}.Ad-Hoc|x86.Build.0 = Release|x86
		{46186162-CE28-448D-BB01-0454CD758F85}.Ad-Hoc|x86.Deploy.0 = Release|x86
		{46186162-CE28-448D-BB01-0454CD758F85}.AppStore|Any CPU.ActiveCfg = Release|x64
		{46186162-CE28-448D-BB01-0454CD758F85}.AppStore|Any CPU.Build.0 = Release|x64
		{46186162-CE28-448D-BB01-0454CD758F85}.AppStore|Any CPU.Deploy.0 = Release|x64
		{46186162-CE28-448D-BB01-0454CD758F85}.AppStore|ARM.ActiveCfg = Release|ARM
		{46186162-CE28-448D-BB01-0454CD758F85}.AppStore|ARM.Build.0 = Release|ARM
		{46186162-CE28-448D-BB01-0454CD758F85}.AppStore|ARM.Deploy.0 = Release|ARM
		{46186162-CE28-448D-BB01-0454CD758F85}.AppStore|ARM64.ActiveCfg = Release|x64
		{46186162-CE28-448D-BB01-0454CD758F85}.AppStore|ARM64.Build.0 = Release|x64
		{46186162-CE28-448D-BB01-0454CD758F85}.AppStore|ARM64.Deploy.0 = Release|x64
		{46186162-CE28-448D-BB01-0454CD758F85}.AppStore|iPhone.ActiveCfg = Release|x64
		{46186162-CE28-448D-BB01-0454CD758F85}.AppStore|iPhone.Build.0 = Release|x64
		{46186162-CE28-448D-BB01-0454CD758F85}.AppStore|iPhone.Deploy.0 = Release|x64
		{46186162-CE28-448D-BB01-0454CD758F85}.AppStore|iPhoneSimulator.ActiveCfg = Release|x64
		{46186162-CE28-448D-BB01-0454CD758F85}.AppStore|iPhoneSimulator.Build.0 = Release|x64
		{46186162-CE28-448D-BB01-0454CD758F85}.AppStore|iPhoneSimulator.Deploy.0 = Release|x64
		{46186162-CE28-448D-BB01-0454CD758F85}.AppStore|x64.ActiveCfg = Release|x64
		{46186162-CE28-448D-BB01-0454CD758F85}.AppStore|x64.Build.0 = Release|x64
		{46186162-CE28-448D-BB01-0454CD758F85}.AppStore|x64.Deploy.0 = Release|x64
		{46186162-CE28-448D-BB01-0454CD758F85}.AppStore|x86.ActiveCfg = Release|x86
		{46186162-CE28-448D-BB01-0454CD758F85}.AppStore|x86.Build.0 = Release|x86
		{46186162-CE28-448D-BB01-0454CD758F85}.AppStore|x86.Deploy.0 = Release|x86
		{46186162-CE28-448D-BB01-0454CD758F85}.Debug|Any CPU.ActiveCfg = Debug|x86
		{46186162-CE28-448D-BB01-0454CD758F85}.Debug|ARM.ActiveCfg = Debug|ARM
		{46186162-CE28-448D-BB01-0454CD758F85}.Debug|ARM.Build.0 = Debug|ARM
		{46186162-CE28-448D-BB01-0454CD758F85}.Debug|ARM.Deploy.0 = Debug|ARM
		{46186162-CE28-448D-BB01-0454CD758F85}.Debug|ARM64.ActiveCfg = Debug|x86
		{46186162-CE28-448D-BB01-0454CD758F85}.Debug|iPhone.ActiveCfg = Debug|x86
		{46186162-CE28-448D-BB01-0454CD758F85}.Debug|iPhoneSimulator.ActiveCfg = Debug|x86
		{46186162-CE28-448D-BB01-0454CD758F85}.Debug|x64.ActiveCfg = Debug|x64
		{46186162-CE28-448D-BB01-0454CD758F85}.Debug|x64.Build.0 = Debug|x64
		{46186162-CE28-448D-BB01-0454CD758F85}.Debug|x64.Deploy.0 = Debug|x64
		{46186162-CE28-448D-BB01-0454CD758F85}.Debug|x86.ActiveCfg = Debug|x86
		{46186162-CE28-448D-BB01-0454CD758F85}.Debug|x86.Build.0 = Debug|x86
		{46186162-CE28-448D-BB01-0454CD758F85}.Debug|x86.Deploy.0 = Debug|x86
		{46186162-CE28-448D-BB01-0454CD758F85}.Release|Any CPU.ActiveCfg = Release|x86
		{46186162-CE28-448D-BB01-0454CD758F85}.Release|ARM.ActiveCfg = Release|ARM
		{46186162-CE28-448D-BB01-0454CD758F85}.Release|ARM.Build.0 = Release|ARM
		{46186162-CE28-448D-BB01-0454CD758F85}.Release|ARM.Deploy.0 = Release|ARM
		{46186162-CE28-448D-BB01-0454CD758F85}.Release|ARM64.ActiveCfg = Release|x86
		{46186162-CE28-448D-BB01-0454CD758F85}.Release|iPhone.ActiveCfg = Release|x86
		{46186162-CE28-448D-BB01-0454CD758F85}.Release|iPhoneSimulator.ActiveCfg = Release|x86
		{46186162-CE28-448D-BB01-0454CD758F85}.Release|x64.ActiveCfg = Release|x64
		{46186162-CE28-448D-BB01-0454CD758F85}.Release|x64.Build.0 = Release|x64
		{46186162-CE28-448D-BB01-0454CD758F85}.Release|x64.Deploy.0 = Release|x64
		{46186162-CE28-448D-BB01-0454CD758F85}.Release|x86.ActiveCfg = Release|x86
		{46186162-CE28-448D-BB01-0454CD758F85}.Release|x86.Build.0 = Release|x86
		{46186162-CE28-448D-BB01-0454CD758F85}.Release|x86.Deploy.0 = Release|x86
		{0F49A143-D70F-4E34-A1E4-352F87624597}.Ad-Hoc|Any CPU.ActiveCfg = Release|Any CPU
		{0F49A143-D70F-4E34-A1E4-352F87624597}.Ad-Hoc|Any CPU.Build.0 = Release|Any CPU
		{0F49A143-D70F-4E34-A1E4-352F87624597}.Ad-Hoc|Any CPU.Deploy.0 = Release|Any CPU
		{0F49A143-D70F-4E34-A1E4-352F87624597}.Ad-Hoc|ARM.ActiveCfg = Release|Any CPU
		{0F49A143-D70F-4E34-A1E4-352F87624597}.Ad-Hoc|ARM.Build.0 = Release|Any CPU
		{0F49A143-D70F-4E34-A1E4-352F87624597}.Ad-Hoc|ARM.Deploy.0 = Release|Any CPU
		{0F49A143-D70F-4E34-A1E4-352F87624597}.Ad-Hoc|ARM64.ActiveCfg = Release|Any CPU
		{0F49A143-D70F-4E34-A1E4-352F87624597}.Ad-Hoc|ARM64.Build.0 = Release|Any CPU
		{0F49A143-D70F-4E34-A1E4-352F87624597}.Ad-Hoc|ARM64.Deploy.0 = Release|Any CPU
		{0F49A143-D70F-4E34-A1E4-352F87624597}.Ad-Hoc|iPhone.ActiveCfg = Release|Any CPU
		{0F49A143-D70F-4E34-A1E4-352F87624597}.Ad-Hoc|iPhone.Build.0 = Release|Any CPU
		{0F49A143-D70F-4E34-A1E4-352F87624597}.Ad-Hoc|iPhone.Deploy.0 = Release|Any CPU
		{0F49A143-D70F-4E34-A1E4-352F87624597}.Ad-Hoc|iPhoneSimulator.ActiveCfg = Release|Any CPU
		{0F49A143-D70F-4E34-A1E4-352F87624597}.Ad-Hoc|iPhoneSimulator.Build.0 = Release|Any CPU
		{0F49A143-D70F-4E34-A1E4-352F87624597}.Ad-Hoc|iPhoneSimulator.Deploy.0 = Release|Any CPU
		{0F49A143-D70F-4E34-A1E4-352F87624597}.Ad-Hoc|x64.ActiveCfg = Release|Any CPU
		{0F49A143-D70F-4E34-A1E4-352F87624597}.Ad-Hoc|x64.Build.0 = Release|Any CPU
		{0F49A143-D70F-4E34-A1E4-352F87624597}.Ad-Hoc|x64.Deploy.0 = Release|Any CPU
		{0F49A143-D70F-4E34-A1E4-352F87624597}.Ad-Hoc|x86.ActiveCfg = Release|Any CPU
		{0F49A143-D70F-4E34-A1E4-352F87624597}.Ad-Hoc|x86.Build.0 = Release|Any CPU
		{0F49A143-D70F-4E34-A1E4-352F87624597}.Ad-Hoc|x86.Deploy.0 = Release|Any CPU
		{0F49A143-D70F-4E34-A1E4-352F87624597}.AppStore|Any CPU.ActiveCfg = Release|Any CPU
		{0F49A143-D70F-4E34-A1E4-352F87624597}.AppStore|Any CPU.Build.0 = Release|Any CPU
		{0F49A143-D70F-4E34-A1E4-352F87624597}.AppStore|Any CPU.Deploy.0 = Release|Any CPU
		{0F49A143-D70F-4E34-A1E4-352F87624597}.AppStore|ARM.ActiveCfg = Release|Any CPU
		{0F49A143-D70F-4E34-A1E4-352F87624597}.AppStore|ARM.Build.0 = Release|Any CPU
		{0F49A143-D70F-4E34-A1E4-352F87624597}.AppStore|ARM.Deploy.0 = Release|Any CPU
		{0F49A143-D70F-4E34-A1E4-352F87624597}.AppStore|ARM64.ActiveCfg = Release|Any CPU
		{0F49A143-D70F-4E34-A1E4-352F87624597}.AppStore|ARM64.Build.0 = Release|Any CPU
		{0F49A143-D70F-4E34-A1E4-352F87624597}.AppStore|ARM64.Deploy.0 = Release|Any CPU
		{0F49A143-D70F-4E34-A1E4-352F87624597}.AppStore|iPhone.ActiveCfg = Release|Any CPU
		{0F49A143-D70F-4E34-A1E4-352F87624597}.AppStore|iPhone.Build.0 = Release|Any CPU
		{0F49A143-D70F-4E34-A1E4-352F87624597}.AppStore|iPhone.Deploy.0 = Release|Any CPU
		{0F49A143-D70F-4E34-A1E4-352F87624597}.AppStore|iPhoneSimulator.ActiveCfg = Release|Any CPU
		{0F49A143-D70F-4E34-A1E4-352F87624597}.AppStore|iPhoneSimulator.Build.0 = Release|Any CPU
		{0F49A143-D70F-4E34-A1E4-352F87624597}.AppStore|iPhoneSimulator.Deploy.0 = Release|Any CPU
		{0F49A143-D70F-4E34-A1E4-352F87624597}.AppStore|x64.ActiveCfg = Release|Any CPU
		{0F49A143-D70F-4E34-A1E4-352F87624597}.AppStore|x64.Build.0 = Release|Any CPU
		{0F49A143-D70F-4E34-A1E4-352F87624597}.AppStore|x64.Deploy.0 = Release|Any CPU
		{0F49A143-D70F-4E34-A1E4-352F87624597}.AppStore|x86.ActiveCfg = Release|Any CPU
		{0F49A143-D70F-4E34-A1E4-352F87624597}.AppStore|x86.Build.0 = Release|Any CPU
		{0F49A143-D70F-4E34-A1E4-352F87624597}.AppStore|x86.Deploy.0 = Release|Any CPU
		{0F49A143-D70F-4E34-A1E4-352F87624597}.Debug|Any CPU.ActiveCfg = Debug|Any CPU
		{0F49A143-D70F-4E34-A1E4-352F87624597}.Debug|Any CPU.Build.0 = Debug|Any CPU
		{0F49A143-D70F-4E34-A1E4-352F87624597}.Debug|Any CPU.Deploy.0 = Debug|Any CPU
		{0F49A143-D70F-4E34-A1E4-352F87624597}.Debug|ARM.ActiveCfg = Debug|Any CPU
		{0F49A143-D70F-4E34-A1E4-352F87624597}.Debug|ARM.Build.0 = Debug|Any CPU
		{0F49A143-D70F-4E34-A1E4-352F87624597}.Debug|ARM.Deploy.0 = Debug|Any CPU
		{0F49A143-D70F-4E34-A1E4-352F87624597}.Debug|ARM64.ActiveCfg = Debug|Any CPU
		{0F49A143-D70F-4E34-A1E4-352F87624597}.Debug|ARM64.Build.0 = Debug|Any CPU
		{0F49A143-D70F-4E34-A1E4-352F87624597}.Debug|ARM64.Deploy.0 = Debug|Any CPU
		{0F49A143-D70F-4E34-A1E4-352F87624597}.Debug|iPhone.ActiveCfg = Debug|Any CPU
		{0F49A143-D70F-4E34-A1E4-352F87624597}.Debug|iPhone.Build.0 = Debug|Any CPU
		{0F49A143-D70F-4E34-A1E4-352F87624597}.Debug|iPhone.Deploy.0 = Debug|Any CPU
		{0F49A143-D70F-4E34-A1E4-352F87624597}.Debug|iPhoneSimulator.ActiveCfg = Debug|Any CPU
		{0F49A143-D70F-4E34-A1E4-352F87624597}.Debug|iPhoneSimulator.Build.0 = Debug|Any CPU
		{0F49A143-D70F-4E34-A1E4-352F87624597}.Debug|iPhoneSimulator.Deploy.0 = Debug|Any CPU
		{0F49A143-D70F-4E34-A1E4-352F87624597}.Debug|x64.ActiveCfg = Debug|Any CPU
		{0F49A143-D70F-4E34-A1E4-352F87624597}.Debug|x64.Build.0 = Debug|Any CPU
		{0F49A143-D70F-4E34-A1E4-352F87624597}.Debug|x64.Deploy.0 = Debug|Any CPU
		{0F49A143-D70F-4E34-A1E4-352F87624597}.Debug|x86.ActiveCfg = Debug|Any CPU
		{0F49A143-D70F-4E34-A1E4-352F87624597}.Debug|x86.Build.0 = Debug|Any CPU
		{0F49A143-D70F-4E34-A1E4-352F87624597}.Debug|x86.Deploy.0 = Debug|Any CPU
		{0F49A143-D70F-4E34-A1E4-352F87624597}.Release|Any CPU.ActiveCfg = Release|Any CPU
		{0F49A143-D70F-4E34-A1E4-352F87624597}.Release|Any CPU.Build.0 = Release|Any CPU
		{0F49A143-D70F-4E34-A1E4-352F87624597}.Release|Any CPU.Deploy.0 = Release|Any CPU
		{0F49A143-D70F-4E34-A1E4-352F87624597}.Release|ARM.ActiveCfg = Release|Any CPU
		{0F49A143-D70F-4E34-A1E4-352F87624597}.Release|ARM.Build.0 = Release|Any CPU
		{0F49A143-D70F-4E34-A1E4-352F87624597}.Release|ARM.Deploy.0 = Release|Any CPU
		{0F49A143-D70F-4E34-A1E4-352F87624597}.Release|ARM64.ActiveCfg = Release|Any CPU
		{0F49A143-D70F-4E34-A1E4-352F87624597}.Release|ARM64.Build.0 = Release|Any CPU
		{0F49A143-D70F-4E34-A1E4-352F87624597}.Release|ARM64.Deploy.0 = Release|Any CPU
		{0F49A143-D70F-4E34-A1E4-352F87624597}.Release|iPhone.ActiveCfg = Release|Any CPU
		{0F49A143-D70F-4E34-A1E4-352F87624597}.Release|iPhone.Build.0 = Release|Any CPU
		{0F49A143-D70F-4E34-A1E4-352F87624597}.Release|iPhone.Deploy.0 = Release|Any CPU
		{0F49A143-D70F-4E34-A1E4-352F87624597}.Release|iPhoneSimulator.ActiveCfg = Release|Any CPU
		{0F49A143-D70F-4E34-A1E4-352F87624597}.Release|iPhoneSimulator.Build.0 = Release|Any CPU
		{0F49A143-D70F-4E34-A1E4-352F87624597}.Release|iPhoneSimulator.Deploy.0 = Release|Any CPU
		{0F49A143-D70F-4E34-A1E4-352F87624597}.Release|x64.ActiveCfg = Release|Any CPU
		{0F49A143-D70F-4E34-A1E4-352F87624597}.Release|x64.Build.0 = Release|Any CPU
		{0F49A143-D70F-4E34-A1E4-352F87624597}.Release|x64.Deploy.0 = Release|Any CPU
		{0F49A143-D70F-4E34-A1E4-352F87624597}.Release|x86.ActiveCfg = Release|Any CPU
		{0F49A143-D70F-4E34-A1E4-352F87624597}.Release|x86.Build.0 = Release|Any CPU
		{0F49A143-D70F-4E34-A1E4-352F87624597}.Release|x86.Deploy.0 = Release|Any CPU
		{8938C64C-3CAE-4A73-A821-2255F2B3F9BE}.Ad-Hoc|Any CPU.ActiveCfg = Ad-Hoc|iPhone
		{8938C64C-3CAE-4A73-A821-2255F2B3F9BE}.Ad-Hoc|ARM.ActiveCfg = Ad-Hoc|iPhone
		{8938C64C-3CAE-4A73-A821-2255F2B3F9BE}.Ad-Hoc|ARM64.ActiveCfg = Ad-Hoc|iPhone
		{8938C64C-3CAE-4A73-A821-2255F2B3F9BE}.Ad-Hoc|iPhone.ActiveCfg = Ad-Hoc|iPhone
		{8938C64C-3CAE-4A73-A821-2255F2B3F9BE}.Ad-Hoc|iPhone.Build.0 = Ad-Hoc|iPhone
		{8938C64C-3CAE-4A73-A821-2255F2B3F9BE}.Ad-Hoc|iPhoneSimulator.ActiveCfg = Ad-Hoc|iPhoneSimulator
		{8938C64C-3CAE-4A73-A821-2255F2B3F9BE}.Ad-Hoc|iPhoneSimulator.Build.0 = Ad-Hoc|iPhoneSimulator
		{8938C64C-3CAE-4A73-A821-2255F2B3F9BE}.Ad-Hoc|x64.ActiveCfg = Ad-Hoc|iPhone
		{8938C64C-3CAE-4A73-A821-2255F2B3F9BE}.Ad-Hoc|x86.ActiveCfg = Ad-Hoc|iPhone
		{8938C64C-3CAE-4A73-A821-2255F2B3F9BE}.AppStore|Any CPU.ActiveCfg = AppStore|iPhone
		{8938C64C-3CAE-4A73-A821-2255F2B3F9BE}.AppStore|ARM.ActiveCfg = AppStore|iPhone
		{8938C64C-3CAE-4A73-A821-2255F2B3F9BE}.AppStore|ARM64.ActiveCfg = AppStore|iPhone
		{8938C64C-3CAE-4A73-A821-2255F2B3F9BE}.AppStore|iPhone.ActiveCfg = AppStore|iPhone
		{8938C64C-3CAE-4A73-A821-2255F2B3F9BE}.AppStore|iPhone.Build.0 = AppStore|iPhone
		{8938C64C-3CAE-4A73-A821-2255F2B3F9BE}.AppStore|iPhoneSimulator.ActiveCfg = AppStore|iPhoneSimulator
		{8938C64C-3CAE-4A73-A821-2255F2B3F9BE}.AppStore|iPhoneSimulator.Build.0 = AppStore|iPhoneSimulator
		{8938C64C-3CAE-4A73-A821-2255F2B3F9BE}.AppStore|x64.ActiveCfg = AppStore|iPhone
		{8938C64C-3CAE-4A73-A821-2255F2B3F9BE}.AppStore|x86.ActiveCfg = AppStore|iPhone
		{8938C64C-3CAE-4A73-A821-2255F2B3F9BE}.Debug|Any CPU.ActiveCfg = Debug|iPhone
		{8938C64C-3CAE-4A73-A821-2255F2B3F9BE}.Debug|ARM.ActiveCfg = Debug|iPhone
		{8938C64C-3CAE-4A73-A821-2255F2B3F9BE}.Debug|ARM64.ActiveCfg = Debug|iPhone
		{8938C64C-3CAE-4A73-A821-2255F2B3F9BE}.Debug|iPhone.ActiveCfg = Debug|iPhone
		{8938C64C-3CAE-4A73-A821-2255F2B3F9BE}.Debug|iPhone.Build.0 = Debug|iPhone
		{8938C64C-3CAE-4A73-A821-2255F2B3F9BE}.Debug|iPhoneSimulator.ActiveCfg = Debug|iPhoneSimulator
		{8938C64C-3CAE-4A73-A821-2255F2B3F9BE}.Debug|iPhoneSimulator.Build.0 = Debug|iPhoneSimulator
		{8938C64C-3CAE-4A73-A821-2255F2B3F9BE}.Debug|x64.ActiveCfg = Debug|iPhone
		{8938C64C-3CAE-4A73-A821-2255F2B3F9BE}.Debug|x86.ActiveCfg = Debug|iPhone
		{8938C64C-3CAE-4A73-A821-2255F2B3F9BE}.Release|Any CPU.ActiveCfg = Release|iPhone
		{8938C64C-3CAE-4A73-A821-2255F2B3F9BE}.Release|ARM.ActiveCfg = Release|iPhone
		{8938C64C-3CAE-4A73-A821-2255F2B3F9BE}.Release|ARM64.ActiveCfg = Release|iPhone
		{8938C64C-3CAE-4A73-A821-2255F2B3F9BE}.Release|iPhone.ActiveCfg = Release|iPhone
		{8938C64C-3CAE-4A73-A821-2255F2B3F9BE}.Release|iPhone.Build.0 = Release|iPhone
		{8938C64C-3CAE-4A73-A821-2255F2B3F9BE}.Release|iPhoneSimulator.ActiveCfg = Release|iPhoneSimulator
		{8938C64C-3CAE-4A73-A821-2255F2B3F9BE}.Release|iPhoneSimulator.Build.0 = Release|iPhoneSimulator
		{8938C64C-3CAE-4A73-A821-2255F2B3F9BE}.Release|x64.ActiveCfg = Release|iPhone
		{8938C64C-3CAE-4A73-A821-2255F2B3F9BE}.Release|x86.ActiveCfg = Release|iPhone
		{762CC74B-44B4-4491-9064-0A6EA5B2CEED}.Ad-Hoc|Any CPU.ActiveCfg = Release|x64
		{762CC74B-44B4-4491-9064-0A6EA5B2CEED}.Ad-Hoc|Any CPU.Build.0 = Release|x64
		{762CC74B-44B4-4491-9064-0A6EA5B2CEED}.Ad-Hoc|Any CPU.Deploy.0 = Release|x64
		{762CC74B-44B4-4491-9064-0A6EA5B2CEED}.Ad-Hoc|ARM.ActiveCfg = Release|ARM
		{762CC74B-44B4-4491-9064-0A6EA5B2CEED}.Ad-Hoc|ARM.Build.0 = Release|ARM
		{762CC74B-44B4-4491-9064-0A6EA5B2CEED}.Ad-Hoc|ARM.Deploy.0 = Release|ARM
		{762CC74B-44B4-4491-9064-0A6EA5B2CEED}.Ad-Hoc|ARM64.ActiveCfg = Release|x64
		{762CC74B-44B4-4491-9064-0A6EA5B2CEED}.Ad-Hoc|ARM64.Build.0 = Release|x64
		{762CC74B-44B4-4491-9064-0A6EA5B2CEED}.Ad-Hoc|ARM64.Deploy.0 = Release|x64
		{762CC74B-44B4-4491-9064-0A6EA5B2CEED}.Ad-Hoc|iPhone.ActiveCfg = Release|x64
		{762CC74B-44B4-4491-9064-0A6EA5B2CEED}.Ad-Hoc|iPhone.Build.0 = Release|x64
		{762CC74B-44B4-4491-9064-0A6EA5B2CEED}.Ad-Hoc|iPhone.Deploy.0 = Release|x64
		{762CC74B-44B4-4491-9064-0A6EA5B2CEED}.Ad-Hoc|iPhoneSimulator.ActiveCfg = Release|x64
		{762CC74B-44B4-4491-9064-0A6EA5B2CEED}.Ad-Hoc|iPhoneSimulator.Build.0 = Release|x64
		{762CC74B-44B4-4491-9064-0A6EA5B2CEED}.Ad-Hoc|iPhoneSimulator.Deploy.0 = Release|x64
		{762CC74B-44B4-4491-9064-0A6EA5B2CEED}.Ad-Hoc|x64.ActiveCfg = Release|x64
		{762CC74B-44B4-4491-9064-0A6EA5B2CEED}.Ad-Hoc|x64.Build.0 = Release|x64
		{762CC74B-44B4-4491-9064-0A6EA5B2CEED}.Ad-Hoc|x64.Deploy.0 = Release|x64
		{762CC74B-44B4-4491-9064-0A6EA5B2CEED}.Ad-Hoc|x86.ActiveCfg = Release|x86
		{762CC74B-44B4-4491-9064-0A6EA5B2CEED}.Ad-Hoc|x86.Build.0 = Release|x86
		{762CC74B-44B4-4491-9064-0A6EA5B2CEED}.Ad-Hoc|x86.Deploy.0 = Release|x86
		{762CC74B-44B4-4491-9064-0A6EA5B2CEED}.AppStore|Any CPU.ActiveCfg = Release|x64
		{762CC74B-44B4-4491-9064-0A6EA5B2CEED}.AppStore|Any CPU.Build.0 = Release|x64
		{762CC74B-44B4-4491-9064-0A6EA5B2CEED}.AppStore|Any CPU.Deploy.0 = Release|x64
		{762CC74B-44B4-4491-9064-0A6EA5B2CEED}.AppStore|ARM.ActiveCfg = Release|ARM
		{762CC74B-44B4-4491-9064-0A6EA5B2CEED}.AppStore|ARM.Build.0 = Release|ARM
		{762CC74B-44B4-4491-9064-0A6EA5B2CEED}.AppStore|ARM.Deploy.0 = Release|ARM
		{762CC74B-44B4-4491-9064-0A6EA5B2CEED}.AppStore|ARM64.ActiveCfg = Release|x64
		{762CC74B-44B4-4491-9064-0A6EA5B2CEED}.AppStore|ARM64.Build.0 = Release|x64
		{762CC74B-44B4-4491-9064-0A6EA5B2CEED}.AppStore|ARM64.Deploy.0 = Release|x64
		{762CC74B-44B4-4491-9064-0A6EA5B2CEED}.AppStore|iPhone.ActiveCfg = Release|x64
		{762CC74B-44B4-4491-9064-0A6EA5B2CEED}.AppStore|iPhone.Build.0 = Release|x64
		{762CC74B-44B4-4491-9064-0A6EA5B2CEED}.AppStore|iPhone.Deploy.0 = Release|x64
		{762CC74B-44B4-4491-9064-0A6EA5B2CEED}.AppStore|iPhoneSimulator.ActiveCfg = Release|x64
		{762CC74B-44B4-4491-9064-0A6EA5B2CEED}.AppStore|iPhoneSimulator.Build.0 = Release|x64
		{762CC74B-44B4-4491-9064-0A6EA5B2CEED}.AppStore|iPhoneSimulator.Deploy.0 = Release|x64
		{762CC74B-44B4-4491-9064-0A6EA5B2CEED}.AppStore|x64.ActiveCfg = Release|x64
		{762CC74B-44B4-4491-9064-0A6EA5B2CEED}.AppStore|x64.Build.0 = Release|x64
		{762CC74B-44B4-4491-9064-0A6EA5B2CEED}.AppStore|x64.Deploy.0 = Release|x64
		{762CC74B-44B4-4491-9064-0A6EA5B2CEED}.AppStore|x86.ActiveCfg = Release|x86
		{762CC74B-44B4-4491-9064-0A6EA5B2CEED}.AppStore|x86.Build.0 = Release|x86
		{762CC74B-44B4-4491-9064-0A6EA5B2CEED}.AppStore|x86.Deploy.0 = Release|x86
		{762CC74B-44B4-4491-9064-0A6EA5B2CEED}.Debug|Any CPU.ActiveCfg = Debug|x86
		{762CC74B-44B4-4491-9064-0A6EA5B2CEED}.Debug|ARM.ActiveCfg = Debug|ARM
		{762CC74B-44B4-4491-9064-0A6EA5B2CEED}.Debug|ARM.Build.0 = Debug|ARM
		{762CC74B-44B4-4491-9064-0A6EA5B2CEED}.Debug|ARM.Deploy.0 = Debug|ARM
		{762CC74B-44B4-4491-9064-0A6EA5B2CEED}.Debug|ARM64.ActiveCfg = Debug|x86
		{762CC74B-44B4-4491-9064-0A6EA5B2CEED}.Debug|iPhone.ActiveCfg = Debug|x86
		{762CC74B-44B4-4491-9064-0A6EA5B2CEED}.Debug|iPhoneSimulator.ActiveCfg = Debug|x86
		{762CC74B-44B4-4491-9064-0A6EA5B2CEED}.Debug|x64.ActiveCfg = Debug|x64
		{762CC74B-44B4-4491-9064-0A6EA5B2CEED}.Debug|x64.Build.0 = Debug|x64
		{762CC74B-44B4-4491-9064-0A6EA5B2CEED}.Debug|x64.Deploy.0 = Debug|x64
		{762CC74B-44B4-4491-9064-0A6EA5B2CEED}.Debug|x86.ActiveCfg = Debug|x86
		{762CC74B-44B4-4491-9064-0A6EA5B2CEED}.Debug|x86.Build.0 = Debug|x86
		{762CC74B-44B4-4491-9064-0A6EA5B2CEED}.Debug|x86.Deploy.0 = Debug|x86
		{762CC74B-44B4-4491-9064-0A6EA5B2CEED}.Release|Any CPU.ActiveCfg = Release|x86
		{762CC74B-44B4-4491-9064-0A6EA5B2CEED}.Release|ARM.ActiveCfg = Release|ARM
		{762CC74B-44B4-4491-9064-0A6EA5B2CEED}.Release|ARM.Build.0 = Release|ARM
		{762CC74B-44B4-4491-9064-0A6EA5B2CEED}.Release|ARM.Deploy.0 = Release|ARM
		{762CC74B-44B4-4491-9064-0A6EA5B2CEED}.Release|ARM64.ActiveCfg = Release|x86
		{762CC74B-44B4-4491-9064-0A6EA5B2CEED}.Release|iPhone.ActiveCfg = Release|x86
		{762CC74B-44B4-4491-9064-0A6EA5B2CEED}.Release|iPhoneSimulator.ActiveCfg = Release|x86
		{762CC74B-44B4-4491-9064-0A6EA5B2CEED}.Release|x64.ActiveCfg = Release|x64
		{762CC74B-44B4-4491-9064-0A6EA5B2CEED}.Release|x64.Build.0 = Release|x64
		{762CC74B-44B4-4491-9064-0A6EA5B2CEED}.Release|x64.Deploy.0 = Release|x64
		{762CC74B-44B4-4491-9064-0A6EA5B2CEED}.Release|x86.ActiveCfg = Release|x86
		{762CC74B-44B4-4491-9064-0A6EA5B2CEED}.Release|x86.Build.0 = Release|x86
		{762CC74B-44B4-4491-9064-0A6EA5B2CEED}.Release|x86.Deploy.0 = Release|x86
	EndGlobalSection
	GlobalSection(SolutionProperties) = preSolution
		HideSolutionNode = FALSE
	EndGlobalSection
	GlobalSection(ExtensibilityGlobals) = postSolution
		SolutionGuid = {02C31DF1-19B3-4758-8DAE-D86545170BE0}
	EndGlobalSection
EndGlobal
