
Microsoft Visual Studio Solution File, Format Version 12.00
# Visual Studio 15
VisualStudioVersion = 15.0.27004.2006
MinimumVisualStudioVersion = 10.0.40219.1
Project("{F184B08F-C81C-45F6-A57F-5ABD9991F28F}") = "LycaIle", "LycaIle\LycaIle.vbproj", "{46186162-CE28-448D-BB01-0454CD758F85}"
EndProject
Project("{FAE04EC0-301F-11D3-BF4B-00C04F79EFBC}") = "LycaileVC", "LycaileVC\LycaileVC.csproj", "{51CC122B-9703-4846-B2D8-604EF2A78061}"
EndProject
Project("{D954291E-2A0B-460D-934E-DC6B0785DB48}") = "LycaileUno.Shared", "LycaileUno\LycaileUno.Shared\LycaileUno.Shared.shproj", "{6279C845-92F8-4333-AB99-3D213163593C}"
EndProject
Project("{FAE04EC0-301F-11D3-BF4B-00C04F79EFBC}") = "LycaileUno.Droid", "LycaileUno\LycaileUno.Droid\LycaileUno.Droid.csproj", "{06C27E22-6981-45FE-8613-6361F4A790C1}"
EndProject
Project("{FAE04EC0-301F-11D3-BF4B-00C04F79EFBC}") = "LycaileUno.iOS", "LycaileUno\LycaileUno.iOS\LycaileUno.iOS.csproj", "{EE181126-65F8-4FD5-BD33-6BFB0DACC4FF}"
EndProject
Project("{FAE04EC0-301F-11D3-BF4B-00C04F79EFBC}") = "LycaileUno.UWP", "LycaileUno\LycaileUno.UWP\LycaileUno.UWP.csproj", "{B174F6C0-02E9-4B71-A8A8-22C6153A19D9}"
EndProject
Project("{9A19103F-16F7-4668-BE54-9A1E7A4F7556}") = "LycaileUno.Wasm", "LycaileUno\LycaileUno.Wasm\LycaileUno.Wasm.csproj", "{C5D78C84-1E53-4EC0-AD30-908469DDB62B}"
EndProject
Global
	GlobalSection(SharedMSBuildProjectFiles) = preSolution
		LycaileUno\LycaileUno.Shared\LycaileUno.Shared.projitems*{06c27e22-6981-45fe-8613-6361f4a790c1}*SharedItemsImports = 4
		LycaileUno\LycaileUno.Shared\LycaileUno.Shared.projitems*{6279c845-92f8-4333-ab99-3d213163593c}*SharedItemsImports = 13
		LycaileUno\LycaileUno.Shared\LycaileUno.Shared.projitems*{b174f6c0-02e9-4b71-a8a8-22c6153a19d9}*SharedItemsImports = 4
		LycaileUno\LycaileUno.Shared\LycaileUno.Shared.projitems*{ee181126-65f8-4fd5-bd33-6bfb0dacc4ff}*SharedItemsImports = 4
	EndGlobalSection
	GlobalSection(SolutionConfigurationPlatforms) = preSolution
		Ad-Hoc|Any CPU = Ad-Hoc|Any CPU
		Ad-Hoc|ARM = Ad-Hoc|ARM
		Ad-Hoc|ARM64 = Ad-Hoc|ARM64
		Ad-Hoc|iPhone = Ad-Hoc|iPhone
		Ad-Hoc|iPhoneSimulator = Ad-Hoc|iPhoneSimulator
		Ad-Hoc|x64 = Ad-Hoc|x64
		Ad-Hoc|x86 = Ad-Hoc|x86
		AppStore|Any CPU = AppStore|Any CPU
		AppStore|ARM = AppStore|ARM
		AppStore|ARM64 = AppStore|ARM64
		AppStore|iPhone = AppStore|iPhone
		AppStore|iPhoneSimulator = AppStore|iPhoneSimulator
		AppStore|x64 = AppStore|x64
		AppStore|x86 = AppStore|x86
		Debug|Any CPU = Debug|Any CPU
		Debug|ARM = Debug|ARM
		Debug|ARM64 = Debug|ARM64
		Debug|iPhone = Debug|iPhone
		Debug|iPhoneSimulator = Debug|iPhoneSimulator
		Debug|x64 = Debug|x64
		Debug|x86 = Debug|x86
		Release|Any CPU = Release|Any CPU
		Release|ARM = Release|ARM
		Release|ARM64 = Release|ARM64
		Release|iPhone = Release|iPhone
		Release|iPhoneSimulator = Release|iPhoneSimulator
		Release|x64 = Release|x64
		Release|x86 = Release|x86
	EndGlobalSection
	GlobalSection(ProjectConfigurationPlatforms) = postSolution
		{46186162-CE28-448D-BB01-0454CD758F85}.Ad-Hoc|Any CPU.ActiveCfg = Release|x64
		{46186162-CE28-448D-BB01-0454CD758F85}.Ad-Hoc|Any CPU.Build.0 = Release|x64
		{46186162-CE28-448D-BB01-0454CD758F85}.Ad-Hoc|Any CPU.Deploy.0 = Release|x64
		{46186162-CE28-448D-BB01-0454CD758F85}.Ad-Hoc|ARM.ActiveCfg = Release|ARM
		{46186162-CE28-448D-BB01-0454CD758F85}.Ad-Hoc|ARM.Build.0 = Release|ARM
		{46186162-CE28-448D-BB01-0454CD758F85}.Ad-Hoc|ARM.Deploy.0 = Release|ARM
		{46186162-CE28-448D-BB01-0454CD758F85}.Ad-Hoc|ARM64.ActiveCfg = Release|x64
		{46186162-CE28-448D-BB01-0454CD758F85}.Ad-Hoc|ARM64.Build.0 = Release|x64
		{46186162-CE28-448D-BB01-0454CD758F85}.Ad-Hoc|ARM64.Deploy.0 = Release|x64
		{46186162-CE28-448D-BB01-0454CD758F85}.Ad-Hoc|iPhone.ActiveCfg = Release|x64
		{46186162-CE28-448D-BB01-0454CD758F85}.Ad-Hoc|iPhone.Build.0 = Release|x64
		{46186162-CE28-448D-BB01-0454CD758F85}.Ad-Hoc|iPhone.Deploy.0 = Release|x64
		{46186162-CE28-448D-BB01-0454CD758F85}.Ad-Hoc|iPhoneSimulator.ActiveCfg = Release|x64
		{46186162-CE28-448D-BB01-0454CD758F85}.Ad-Hoc|iPhoneSimulator.Build.0 = Release|x64
		{46186162-CE28-448D-BB01-0454CD758F85}.Ad-Hoc|iPhoneSimulator.Deploy.0 = Release|x64
		{46186162-CE28-448D-BB01-0454CD758F85}.Ad-Hoc|x64.ActiveCfg = Release|x64
		{46186162-CE28-448D-BB01-0454CD758F85}.Ad-Hoc|x64.Build.0 = Release|x64
		{46186162-CE28-448D-BB01-0454CD758F85}.Ad-Hoc|x64.Deploy.0 = Release|x64
		{46186162-CE28-448D-BB01-0454CD758F85}.Ad-Hoc|x86.ActiveCfg = Release|x86
		{46186162-CE28-448D-BB01-0454CD758F85}.Ad-Hoc|x86.Build.0 = Release|x86
		{46186162-CE28-448D-BB01-0454CD758F85}.Ad-Hoc|x86.Deploy.0 = Release|x86
		{46186162-CE28-448D-BB01-0454CD758F85}.AppStore|Any CPU.ActiveCfg = Release|x64
		{46186162-CE28-448D-BB01-0454CD758F85}.AppStore|Any CPU.Build.0 = Release|x64
		{46186162-CE28-448D-BB01-0454CD758F85}.AppStore|Any CPU.Deploy.0 = Release|x64
		{46186162-CE28-448D-BB01-0454CD758F85}.AppStore|ARM.ActiveCfg = Release|ARM
		{46186162-CE28-448D-BB01-0454CD758F85}.AppStore|ARM.Build.0 = Release|ARM
		{46186162-CE28-448D-BB01-0454CD758F85}.AppStore|ARM.Deploy.0 = Release|ARM
		{46186162-CE28-448D-BB01-0454CD758F85}.AppStore|ARM64.ActiveCfg = Release|x64
		{46186162-CE28-448D-BB01-0454CD758F85}.AppStore|ARM64.Build.0 = Release|x64
		{46186162-CE28-448D-BB01-0454CD758F85}.AppStore|ARM64.Deploy.0 = Release|x64
		{46186162-CE28-448D-BB01-0454CD758F85}.AppStore|iPhone.ActiveCfg = Release|x64
		{46186162-CE28-448D-BB01-0454CD758F85}.AppStore|iPhone.Build.0 = Release|x64
		{46186162-CE28-448D-BB01-0454CD758F85}.AppStore|iPhone.Deploy.0 = Release|x64
		{46186162-CE28-448D-BB01-0454CD758F85}.AppStore|iPhoneSimulator.ActiveCfg = Release|x64
		{46186162-CE28-448D-BB01-0454CD758F85}.AppStore|iPhoneSimulator.Build.0 = Release|x64
		{46186162-CE28-448D-BB01-0454CD758F85}.AppStore|iPhoneSimulator.Deploy.0 = Release|x64
		{46186162-CE28-448D-BB01-0454CD758F85}.AppStore|x64.ActiveCfg = Release|x64
		{46186162-CE28-448D-BB01-0454CD758F85}.AppStore|x64.Build.0 = Release|x64
		{46186162-CE28-448D-BB01-0454CD758F85}.AppStore|x64.Deploy.0 = Release|x64
		{46186162-CE28-448D-BB01-0454CD758F85}.AppStore|x86.ActiveCfg = Release|x86
		{46186162-CE28-448D-BB01-0454CD758F85}.AppStore|x86.Build.0 = Release|x86
		{46186162-CE28-448D-BB01-0454CD758F85}.AppStore|x86.Deploy.0 = Release|x86
		{46186162-CE28-448D-BB01-0454CD758F85}.Debug|Any CPU.ActiveCfg = Debug|x86
		{46186162-CE28-448D-BB01-0454CD758F85}.Debug|ARM.ActiveCfg = Debug|ARM
		{46186162-CE28-448D-BB01-0454CD758F85}.Debug|ARM.Build.0 = Debug|ARM
		{46186162-CE28-448D-BB01-0454CD758F85}.Debug|ARM.Deploy.0 = Debug|ARM
		{46186162-CE28-448D-BB01-0454CD758F85}.Debug|ARM64.ActiveCfg = Debug|x86
		{46186162-CE28-448D-BB01-0454CD758F85}.Debug|iPhone.ActiveCfg = Debug|x86
		{46186162-CE28-448D-BB01-0454CD758F85}.Debug|iPhoneSimulator.ActiveCfg = Debug|x86
		{46186162-CE28-448D-BB01-0454CD758F85}.Debug|x64.ActiveCfg = Debug|x64
		{46186162-CE28-448D-BB01-0454CD758F85}.Debug|x64.Build.0 = Debug|x64
		{46186162-CE28-448D-BB01-0454CD758F85}.Debug|x64.Deploy.0 = Debug|x64
		{46186162-CE28-448D-BB01-0454CD758F85}.Debug|x86.ActiveCfg = Debug|x86
		{46186162-CE28-448D-BB01-0454CD758F85}.Debug|x86.Build.0 = Debug|x86
		{46186162-CE28-448D-BB01-0454CD758F85}.Debug|x86.Deploy.0 = Debug|x86
		{46186162-CE28-448D-BB01-0454CD758F85}.Release|Any CPU.ActiveCfg = Release|x86
		{46186162-CE28-448D-BB01-0454CD758F85}.Release|ARM.ActiveCfg = Release|ARM
		{46186162-CE28-448D-BB01-0454CD758F85}.Release|ARM.Build.0 = Release|ARM
		{46186162-CE28-448D-BB01-0454CD758F85}.Release|ARM.Deploy.0 = Release|ARM
		{46186162-CE28-448D-BB01-0454CD758F85}.Release|ARM64.ActiveCfg = Release|x86
		{46186162-CE28-448D-BB01-0454CD758F85}.Release|iPhone.ActiveCfg = Release|x86
		{46186162-CE28-448D-BB01-0454CD758F85}.Release|iPhoneSimulator.ActiveCfg = Release|x86
		{46186162-CE28-448D-BB01-0454CD758F85}.Release|x64.ActiveCfg = Release|x64
		{46186162-CE28-448D-BB01-0454CD758F85}.Release|x64.Build.0 = Release|x64
		{46186162-CE28-448D-BB01-0454CD758F85}.Release|x64.Deploy.0 = Release|x64
		{46186162-CE28-448D-BB01-0454CD758F85}.Release|x86.ActiveCfg = Release|x86
		{46186162-CE28-448D-BB01-0454CD758F85}.Release|x86.Build.0 = Release|x86
		{46186162-CE28-448D-BB01-0454CD758F85}.Release|x86.Deploy.0 = Release|x86
		{51CC122B-9703-4846-B2D8-604EF2A78061}.Ad-Hoc|Any CPU.ActiveCfg = Release|x86
		{51CC122B-9703-4846-B2D8-604EF2A78061}.Ad-Hoc|Any CPU.Build.0 = Release|x86
		{51CC122B-9703-4846-B2D8-604EF2A78061}.Ad-Hoc|Any CPU.Deploy.0 = Release|x86
		{51CC122B-9703-4846-B2D8-604EF2A78061}.Ad-Hoc|ARM.ActiveCfg = Release|ARM
		{51CC122B-9703-4846-B2D8-604EF2A78061}.Ad-Hoc|ARM.Build.0 = Release|ARM
		{51CC122B-9703-4846-B2D8-604EF2A78061}.Ad-Hoc|ARM.Deploy.0 = Release|ARM
		{51CC122B-9703-4846-B2D8-604EF2A78061}.Ad-Hoc|ARM64.ActiveCfg = Release|ARM64
		{51CC122B-9703-4846-B2D8-604EF2A78061}.Ad-Hoc|ARM64.Build.0 = Release|ARM64
		{51CC122B-9703-4846-B2D8-604EF2A78061}.Ad-Hoc|ARM64.Deploy.0 = Release|ARM64
		{51CC122B-9703-4846-B2D8-604EF2A78061}.Ad-Hoc|iPhone.ActiveCfg = Release|x86
		{51CC122B-9703-4846-B2D8-604EF2A78061}.Ad-Hoc|iPhone.Build.0 = Release|x86
		{51CC122B-9703-4846-B2D8-604EF2A78061}.Ad-Hoc|iPhone.Deploy.0 = Release|x86
		{51CC122B-9703-4846-B2D8-604EF2A78061}.Ad-Hoc|iPhoneSimulator.ActiveCfg = Release|x86
		{51CC122B-9703-4846-B2D8-604EF2A78061}.Ad-Hoc|iPhoneSimulator.Build.0 = Release|x86
		{51CC122B-9703-4846-B2D8-604EF2A78061}.Ad-Hoc|iPhoneSimulator.Deploy.0 = Release|x86
		{51CC122B-9703-4846-B2D8-604EF2A78061}.Ad-Hoc|x64.ActiveCfg = Release|x64
		{51CC122B-9703-4846-B2D8-604EF2A78061}.Ad-Hoc|x64.Build.0 = Release|x64
		{51CC122B-9703-4846-B2D8-604EF2A78061}.Ad-Hoc|x64.Deploy.0 = Release|x64
		{51CC122B-9703-4846-B2D8-604EF2A78061}.Ad-Hoc|x86.ActiveCfg = Release|x86
		{51CC122B-9703-4846-B2D8-604EF2A78061}.Ad-Hoc|x86.Build.0 = Release|x86
		{51CC122B-9703-4846-B2D8-604EF2A78061}.Ad-Hoc|x86.Deploy.0 = Release|x86
		{51CC122B-9703-4846-B2D8-604EF2A78061}.AppStore|Any CPU.ActiveCfg = Release|x86
		{51CC122B-9703-4846-B2D8-604EF2A78061}.AppStore|Any CPU.Build.0 = Release|x86
		{51CC122B-9703-4846-B2D8-604EF2A78061}.AppStore|Any CPU.Deploy.0 = Release|x86
		{51CC122B-9703-4846-B2D8-604EF2A78061}.AppStore|ARM.ActiveCfg = Release|ARM
		{51CC122B-9703-4846-B2D8-604EF2A78061}.AppStore|ARM.Build.0 = Release|ARM
		{51CC122B-9703-4846-B2D8-604EF2A78061}.AppStore|ARM.Deploy.0 = Release|ARM
		{51CC122B-9703-4846-B2D8-604EF2A78061}.AppStore|ARM64.ActiveCfg = Release|ARM64
		{51CC122B-9703-4846-B2D8-604EF2A78061}.AppStore|ARM64.Build.0 = Release|ARM64
		{51CC122B-9703-4846-B2D8-604EF2A78061}.AppStore|ARM64.Deploy.0 = Release|ARM64
		{51CC122B-9703-4846-B2D8-604EF2A78061}.AppStore|iPhone.ActiveCfg = Release|x86
		{51CC122B-9703-4846-B2D8-604EF2A78061}.AppStore|iPhone.Build.0 = Release|x86
		{51CC122B-9703-4846-B2D8-604EF2A78061}.AppStore|iPhone.Deploy.0 = Release|x86
		{51CC122B-9703-4846-B2D8-604EF2A78061}.AppStore|iPhoneSimulator.ActiveCfg = Release|x86
		{51CC122B-9703-4846-B2D8-604EF2A78061}.AppStore|iPhoneSimulator.Build.0 = Release|x86
		{51CC122B-9703-4846-B2D8-604EF2A78061}.AppStore|iPhoneSimulator.Deploy.0 = Release|x86
		{51CC122B-9703-4846-B2D8-604EF2A78061}.AppStore|x64.ActiveCfg = Release|x64
		{51CC122B-9703-4846-B2D8-604EF2A78061}.AppStore|x64.Build.0 = Release|x64
		{51CC122B-9703-4846-B2D8-604EF2A78061}.AppStore|x64.Deploy.0 = Release|x64
		{51CC122B-9703-4846-B2D8-604EF2A78061}.AppStore|x86.ActiveCfg = Release|x86
		{51CC122B-9703-4846-B2D8-604EF2A78061}.AppStore|x86.Build.0 = Release|x86
		{51CC122B-9703-4846-B2D8-604EF2A78061}.AppStore|x86.Deploy.0 = Release|x86
		{51CC122B-9703-4846-B2D8-604EF2A78061}.Debug|Any CPU.ActiveCfg = Debug|x86
		{51CC122B-9703-4846-B2D8-604EF2A78061}.Debug|ARM.ActiveCfg = Debug|ARM
		{51CC122B-9703-4846-B2D8-604EF2A78061}.Debug|ARM.Build.0 = Debug|ARM
		{51CC122B-9703-4846-B2D8-604EF2A78061}.Debug|ARM.Deploy.0 = Debug|ARM
		{51CC122B-9703-4846-B2D8-604EF2A78061}.Debug|ARM64.ActiveCfg = Debug|ARM64
		{51CC122B-9703-4846-B2D8-604EF2A78061}.Debug|ARM64.Build.0 = Debug|ARM64
		{51CC122B-9703-4846-B2D8-604EF2A78061}.Debug|ARM64.Deploy.0 = Debug|ARM64
		{51CC122B-9703-4846-B2D8-604EF2A78061}.Debug|iPhone.ActiveCfg = Debug|x86
		{51CC122B-9703-4846-B2D8-604EF2A78061}.Debug|iPhoneSimulator.ActiveCfg = Debug|x86
		{51CC122B-9703-4846-B2D8-604EF2A78061}.Debug|x64.ActiveCfg = Debug|x64
		{51CC122B-9703-4846-B2D8-604EF2A78061}.Debug|x64.Build.0 = Debug|x64
		{51CC122B-9703-4846-B2D8-604EF2A78061}.Debug|x64.Deploy.0 = Debug|x64
		{51CC122B-9703-4846-B2D8-604EF2A78061}.Debug|x86.ActiveCfg = Debug|x86
		{51CC122B-9703-4846-B2D8-604EF2A78061}.Debug|x86.Build.0 = Debug|x86
		{51CC122B-9703-4846-B2D8-604EF2A78061}.Debug|x86.Deploy.0 = Debug|x86
		{51CC122B-9703-4846-B2D8-604EF2A78061}.Release|Any CPU.ActiveCfg = Release|x86
		{51CC122B-9703-4846-B2D8-604EF2A78061}.Release|ARM.ActiveCfg = Release|ARM
		{51CC122B-9703-4846-B2D8-604EF2A78061}.Release|ARM.Build.0 = Release|ARM
		{51CC122B-9703-4846-B2D8-604EF2A78061}.Release|ARM.Deploy.0 = Release|ARM
		{51CC122B-9703-4846-B2D8-604EF2A78061}.Release|ARM64.ActiveCfg = Release|ARM64
		{51CC122B-9703-4846-B2D8-604EF2A78061}.Release|ARM64.Build.0 = Release|ARM64
		{51CC122B-9703-4846-B2D8-604EF2A78061}.Release|ARM64.Deploy.0 = Release|ARM64
		{51CC122B-9703-4846-B2D8-604EF2A78061}.Release|iPhone.ActiveCfg = Release|x86
		{51CC122B-9703-4846-B2D8-604EF2A78061}.Release|iPhoneSimulator.ActiveCfg = Release|x86
		{51CC122B-9703-4846-B2D8-604EF2A78061}.Release|x64.ActiveCfg = Release|x64
		{51CC122B-9703-4846-B2D8-604EF2A78061}.Release|x64.Build.0 = Release|x64
		{51CC122B-9703-4846-B2D8-604EF2A78061}.Release|x64.Deploy.0 = Release|x64
		{51CC122B-9703-4846-B2D8-604EF2A78061}.Release|x86.ActiveCfg = Release|x86
		{51CC122B-9703-4846-B2D8-604EF2A78061}.Release|x86.Build.0 = Release|x86
		{51CC122B-9703-4846-B2D8-604EF2A78061}.Release|x86.Deploy.0 = Release|x86
		{06C27E22-6981-45FE-8613-6361F4A790C1}.Ad-Hoc|Any CPU.ActiveCfg = Release|Any CPU
		{06C27E22-6981-45FE-8613-6361F4A790C1}.Ad-Hoc|Any CPU.Build.0 = Release|Any CPU
		{06C27E22-6981-45FE-8613-6361F4A790C1}.Ad-Hoc|Any CPU.Deploy.0 = Release|Any CPU
		{06C27E22-6981-45FE-8613-6361F4A790C1}.Ad-Hoc|ARM.ActiveCfg = Release|Any CPU
		{06C27E22-6981-45FE-8613-6361F4A790C1}.Ad-Hoc|ARM.Build.0 = Release|Any CPU
		{06C27E22-6981-45FE-8613-6361F4A790C1}.Ad-Hoc|ARM.Deploy.0 = Release|Any CPU
		{06C27E22-6981-45FE-8613-6361F4A790C1}.Ad-Hoc|ARM64.ActiveCfg = Release|Any CPU
		{06C27E22-6981-45FE-8613-6361F4A790C1}.Ad-Hoc|ARM64.Build.0 = Release|Any CPU
		{06C27E22-6981-45FE-8613-6361F4A790C1}.Ad-Hoc|ARM64.Deploy.0 = Release|Any CPU
		{06C27E22-6981-45FE-8613-6361F4A790C1}.Ad-Hoc|iPhone.ActiveCfg = Release|Any CPU
		{06C27E22-6981-45FE-8613-6361F4A790C1}.Ad-Hoc|iPhone.Build.0 = Release|Any CPU
		{06C27E22-6981-45FE-8613-6361F4A790C1}.Ad-Hoc|iPhone.Deploy.0 = Release|Any CPU
		{06C27E22-6981-45FE-8613-6361F4A790C1}.Ad-Hoc|iPhoneSimulator.ActiveCfg = Release|Any CPU
		{06C27E22-6981-45FE-8613-6361F4A790C1}.Ad-Hoc|iPhoneSimulator.Build.0 = Release|Any CPU
		{06C27E22-6981-45FE-8613-6361F4A790C1}.Ad-Hoc|iPhoneSimulator.Deploy.0 = Release|Any CPU
		{06C27E22-6981-45FE-8613-6361F4A790C1}.Ad-Hoc|x64.ActiveCfg = Release|Any CPU
		{06C27E22-6981-45FE-8613-6361F4A790C1}.Ad-Hoc|x64.Build.0 = Release|Any CPU
		{06C27E22-6981-45FE-8613-6361F4A790C1}.Ad-Hoc|x64.Deploy.0 = Release|Any CPU
		{06C27E22-6981-45FE-8613-6361F4A790C1}.Ad-Hoc|x86.ActiveCfg = Release|Any CPU
		{06C27E22-6981-45FE-8613-6361F4A790C1}.Ad-Hoc|x86.Build.0 = Release|Any CPU
		{06C27E22-6981-45FE-8613-6361F4A790C1}.Ad-Hoc|x86.Deploy.0 = Release|Any CPU
		{06C27E22-6981-45FE-8613-6361F4A790C1}.AppStore|Any CPU.ActiveCfg = Release|Any CPU
		{06C27E22-6981-45FE-8613-6361F4A790C1}.AppStore|Any CPU.Build.0 = Release|Any CPU
		{06C27E22-6981-45FE-8613-6361F4A790C1}.AppStore|Any CPU.Deploy.0 = Release|Any CPU
		{06C27E22-6981-45FE-8613-6361F4A790C1}.AppStore|ARM.ActiveCfg = Release|Any CPU
		{06C27E22-6981-45FE-8613-6361F4A790C1}.AppStore|ARM.Build.0 = Release|Any CPU
		{06C27E22-6981-45FE-8613-6361F4A790C1}.AppStore|ARM.Deploy.0 = Release|Any CPU
		{06C27E22-6981-45FE-8613-6361F4A790C1}.AppStore|ARM64.ActiveCfg = Release|Any CPU
		{06C27E22-6981-45FE-8613-6361F4A790C1}.AppStore|ARM64.Build.0 = Release|Any CPU
		{06C27E22-6981-45FE-8613-6361F4A790C1}.AppStore|ARM64.Deploy.0 = Release|Any CPU
		{06C27E22-6981-45FE-8613-6361F4A790C1}.AppStore|iPhone.ActiveCfg = Release|Any CPU
		{06C27E22-6981-45FE-8613-6361F4A790C1}.AppStore|iPhone.Build.0 = Release|Any CPU
		{06C27E22-6981-45FE-8613-6361F4A790C1}.AppStore|iPhone.Deploy.0 = Release|Any CPU
		{06C27E22-6981-45FE-8613-6361F4A790C1}.AppStore|iPhoneSimulator.ActiveCfg = Release|Any CPU
		{06C27E22-6981-45FE-8613-6361F4A790C1}.AppStore|iPhoneSimulator.Build.0 = Release|Any CPU
		{06C27E22-6981-45FE-8613-6361F4A790C1}.AppStore|iPhoneSimulator.Deploy.0 = Release|Any CPU
		{06C27E22-6981-45FE-8613-6361F4A790C1}.AppStore|x64.ActiveCfg = Release|Any CPU
		{06C27E22-6981-45FE-8613-6361F4A790C1}.AppStore|x64.Build.0 = Release|Any CPU
		{06C27E22-6981-45FE-8613-6361F4A790C1}.AppStore|x64.Deploy.0 = Release|Any CPU
		{06C27E22-6981-45FE-8613-6361F4A790C1}.AppStore|x86.ActiveCfg = Release|Any CPU
		{06C27E22-6981-45FE-8613-6361F4A790C1}.AppStore|x86.Build.0 = Release|Any CPU
		{06C27E22-6981-45FE-8613-6361F4A790C1}.AppStore|x86.Deploy.0 = Release|Any CPU
		{06C27E22-6981-45FE-8613-6361F4A790C1}.Debug|Any CPU.ActiveCfg = Debug|Any CPU
		{06C27E22-6981-45FE-8613-6361F4A790C1}.Debug|Any CPU.Build.0 = Debug|Any CPU
		{06C27E22-6981-45FE-8613-6361F4A790C1}.Debug|Any CPU.Deploy.0 = Debug|Any CPU
		{06C27E22-6981-45FE-8613-6361F4A790C1}.Debug|ARM.ActiveCfg = Debug|Any CPU
		{06C27E22-6981-45FE-8613-6361F4A790C1}.Debug|ARM.Build.0 = Debug|Any CPU
		{06C27E22-6981-45FE-8613-6361F4A790C1}.Debug|ARM.Deploy.0 = Debug|Any CPU
		{06C27E22-6981-45FE-8613-6361F4A790C1}.Debug|ARM64.ActiveCfg = Debug|Any CPU
		{06C27E22-6981-45FE-8613-6361F4A790C1}.Debug|ARM64.Build.0 = Debug|Any CPU
		{06C27E22-6981-45FE-8613-6361F4A790C1}.Debug|ARM64.Deploy.0 = Debug|Any CPU
		{06C27E22-6981-45FE-8613-6361F4A790C1}.Debug|iPhone.ActiveCfg = Debug|Any CPU
		{06C27E22-6981-45FE-8613-6361F4A790C1}.Debug|iPhone.Build.0 = Debug|Any CPU
		{06C27E22-6981-45FE-8613-6361F4A790C1}.Debug|iPhone.Deploy.0 = Debug|Any CPU
		{06C27E22-6981-45FE-8613-6361F4A790C1}.Debug|iPhoneSimulator.ActiveCfg = Debug|Any CPU
		{06C27E22-6981-45FE-8613-6361F4A790C1}.Debug|iPhoneSimulator.Build.0 = Debug|Any CPU
		{06C27E22-6981-45FE-8613-6361F4A790C1}.Debug|iPhoneSimulator.Deploy.0 = Debug|Any CPU
		{06C27E22-6981-45FE-8613-6361F4A790C1}.Debug|x64.ActiveCfg = Debug|Any CPU
		{06C27E22-6981-45FE-8613-6361F4A790C1}.Debug|x64.Build.0 = Debug|Any CPU
		{06C27E22-6981-45FE-8613-6361F4A790C1}.Debug|x64.Deploy.0 = Debug|Any CPU
		{06C27E22-6981-45FE-8613-6361F4A790C1}.Debug|x86.ActiveCfg = Debug|Any CPU
		{06C27E22-6981-45FE-8613-6361F4A790C1}.Debug|x86.Build.0 = Debug|Any CPU
		{06C27E22-6981-45FE-8613-6361F4A790C1}.Debug|x86.Deploy.0 = Debug|Any CPU
		{06C27E22-6981-45FE-8613-6361F4A790C1}.Release|Any CPU.ActiveCfg = Release|Any CPU
		{06C27E22-6981-45FE-8613-6361F4A790C1}.Release|Any CPU.Build.0 = Release|Any CPU
		{06C27E22-6981-45FE-8613-6361F4A790C1}.Release|Any CPU.Deploy.0 = Release|Any CPU
		{06C27E22-6981-45FE-8613-6361F4A790C1}.Release|ARM.ActiveCfg = Release|Any CPU
		{06C27E22-6981-45FE-8613-6361F4A790C1}.Release|ARM.Build.0 = Release|Any CPU
		{06C27E22-6981-45FE-8613-6361F4A790C1}.Release|ARM.Deploy.0 = Release|Any CPU
		{06C27E22-6981-45FE-8613-6361F4A790C1}.Release|ARM64.ActiveCfg = Release|Any CPU
		{06C27E22-6981-45FE-8613-6361F4A790C1}.Release|ARM64.Build.0 = Release|Any CPU
		{06C27E22-6981-45FE-8613-6361F4A790C1}.Release|ARM64.Deploy.0 = Release|Any CPU
		{06C27E22-6981-45FE-8613-6361F4A790C1}.Release|iPhone.ActiveCfg = Release|Any CPU
		{06C27E22-6981-45FE-8613-6361F4A790C1}.Release|iPhone.Build.0 = Release|Any CPU
		{06C27E22-6981-45FE-8613-6361F4A790C1}.Release|iPhone.Deploy.0 = Release|Any CPU
		{06C27E22-6981-45FE-8613-6361F4A790C1}.Release|iPhoneSimulator.ActiveCfg = Release|Any CPU
		{06C27E22-6981-45FE-8613-6361F4A790C1}.Release|iPhoneSimulator.Build.0 = Release|Any CPU
		{06C27E22-6981-45FE-8613-6361F4A790C1}.Release|iPhoneSimulator.Deploy.0 = Release|Any CPU
		{06C27E22-6981-45FE-8613-6361F4A790C1}.Release|x64.ActiveCfg = Release|Any CPU
		{06C27E22-6981-45FE-8613-6361F4A790C1}.Release|x64.Build.0 = Release|Any CPU
		{06C27E22-6981-45FE-8613-6361F4A790C1}.Release|x64.Deploy.0 = Release|Any CPU
		{06C27E22-6981-45FE-8613-6361F4A790C1}.Release|x86.ActiveCfg = Release|Any CPU
		{06C27E22-6981-45FE-8613-6361F4A790C1}.Release|x86.Build.0 = Release|Any CPU
		{06C27E22-6981-45FE-8613-6361F4A790C1}.Release|x86.Deploy.0 = Release|Any CPU
		{EE181126-65F8-4FD5-BD33-6BFB0DACC4FF}.Ad-Hoc|Any CPU.ActiveCfg = Ad-Hoc|iPhone
		{EE181126-65F8-4FD5-BD33-6BFB0DACC4FF}.Ad-Hoc|ARM.ActiveCfg = Ad-Hoc|iPhone
		{EE181126-65F8-4FD5-BD33-6BFB0DACC4FF}.Ad-Hoc|ARM64.ActiveCfg = Ad-Hoc|iPhone
		{EE181126-65F8-4FD5-BD33-6BFB0DACC4FF}.Ad-Hoc|iPhone.ActiveCfg = Ad-Hoc|iPhone
		{EE181126-65F8-4FD5-BD33-6BFB0DACC4FF}.Ad-Hoc|iPhone.Build.0 = Ad-Hoc|iPhone
		{EE181126-65F8-4FD5-BD33-6BFB0DACC4FF}.Ad-Hoc|iPhoneSimulator.ActiveCfg = Ad-Hoc|iPhoneSimulator
		{EE181126-65F8-4FD5-BD33-6BFB0DACC4FF}.Ad-Hoc|iPhoneSimulator.Build.0 = Ad-Hoc|iPhoneSimulator
		{EE181126-65F8-4FD5-BD33-6BFB0DACC4FF}.Ad-Hoc|x64.ActiveCfg = Ad-Hoc|iPhone
		{EE181126-65F8-4FD5-BD33-6BFB0DACC4FF}.Ad-Hoc|x86.ActiveCfg = Ad-Hoc|iPhone
		{EE181126-65F8-4FD5-BD33-6BFB0DACC4FF}.AppStore|Any CPU.ActiveCfg = AppStore|iPhone
		{EE181126-65F8-4FD5-BD33-6BFB0DACC4FF}.AppStore|ARM.ActiveCfg = AppStore|iPhone
		{EE181126-65F8-4FD5-BD33-6BFB0DACC4FF}.AppStore|ARM64.ActiveCfg = AppStore|iPhone
		{EE181126-65F8-4FD5-BD33-6BFB0DACC4FF}.AppStore|iPhone.ActiveCfg = AppStore|iPhone
		{EE181126-65F8-4FD5-BD33-6BFB0DACC4FF}.AppStore|iPhone.Build.0 = AppStore|iPhone
		{EE181126-65F8-4FD5-BD33-6BFB0DACC4FF}.AppStore|iPhoneSimulator.ActiveCfg = AppStore|iPhoneSimulator
		{EE181126-65F8-4FD5-BD33-6BFB0DACC4FF}.AppStore|iPhoneSimulator.Build.0 = AppStore|iPhoneSimulator
		{EE181126-65F8-4FD5-BD33-6BFB0DACC4FF}.AppStore|x64.ActiveCfg = AppStore|iPhone
		{EE181126-65F8-4FD5-BD33-6BFB0DACC4FF}.AppStore|x86.ActiveCfg = AppStore|iPhone
		{EE181126-65F8-4FD5-BD33-6BFB0DACC4FF}.Debug|Any CPU.ActiveCfg = Debug|iPhone
		{EE181126-65F8-4FD5-BD33-6BFB0DACC4FF}.Debug|ARM.ActiveCfg = Debug|iPhone
		{EE181126-65F8-4FD5-BD33-6BFB0DACC4FF}.Debug|ARM64.ActiveCfg = Debug|iPhone
		{EE181126-65F8-4FD5-BD33-6BFB0DACC4FF}.Debug|iPhone.ActiveCfg = Debug|iPhone
		{EE181126-65F8-4FD5-BD33-6BFB0DACC4FF}.Debug|iPhone.Build.0 = Debug|iPhone
		{EE181126-65F8-4FD5-BD33-6BFB0DACC4FF}.Debug|iPhoneSimulator.ActiveCfg = Debug|iPhoneSimulator
		{EE181126-65F8-4FD5-BD33-6BFB0DACC4FF}.Debug|iPhoneSimulator.Build.0 = Debug|iPhoneSimulator
		{EE181126-65F8-4FD5-BD33-6BFB0DACC4FF}.Debug|x64.ActiveCfg = Debug|iPhone
		{EE181126-65F8-4FD5-BD33-6BFB0DACC4FF}.Debug|x86.ActiveCfg = Debug|iPhone
		{EE181126-65F8-4FD5-BD33-6BFB0DACC4FF}.Release|Any CPU.ActiveCfg = Release|iPhone
		{EE181126-65F8-4FD5-BD33-6BFB0DACC4FF}.Release|ARM.ActiveCfg = Release|iPhone
		{EE181126-65F8-4FD5-BD33-6BFB0DACC4FF}.Release|ARM64.ActiveCfg = Release|iPhone
		{EE181126-65F8-4FD5-BD33-6BFB0DACC4FF}.Release|iPhone.ActiveCfg = Release|iPhone
		{EE181126-65F8-4FD5-BD33-6BFB0DACC4FF}.Release|iPhone.Build.0 = Release|iPhone
		{EE181126-65F8-4FD5-BD33-6BFB0DACC4FF}.Release|iPhoneSimulator.ActiveCfg = Release|iPhoneSimulator
		{EE181126-65F8-4FD5-BD33-6BFB0DACC4FF}.Release|iPhoneSimulator.Build.0 = Release|iPhoneSimulator
		{EE181126-65F8-4FD5-BD33-6BFB0DACC4FF}.Release|x64.ActiveCfg = Release|iPhone
		{EE181126-65F8-4FD5-BD33-6BFB0DACC4FF}.Release|x86.ActiveCfg = Release|iPhone
		{B174F6C0-02E9-4B71-A8A8-22C6153A19D9}.Ad-Hoc|Any CPU.ActiveCfg = Release|x64
		{B174F6C0-02E9-4B71-A8A8-22C6153A19D9}.Ad-Hoc|Any CPU.Build.0 = Release|x64
		{B174F6C0-02E9-4B71-A8A8-22C6153A19D9}.Ad-Hoc|Any CPU.Deploy.0 = Release|x64
		{B174F6C0-02E9-4B71-A8A8-22C6153A19D9}.Ad-Hoc|ARM.ActiveCfg = Release|ARM
		{B174F6C0-02E9-4B71-A8A8-22C6153A19D9}.Ad-Hoc|ARM.Build.0 = Release|ARM
		{B174F6C0-02E9-4B71-A8A8-22C6153A19D9}.Ad-Hoc|ARM.Deploy.0 = Release|ARM
		{B174F6C0-02E9-4B71-A8A8-22C6153A19D9}.Ad-Hoc|ARM64.ActiveCfg = Release|x64
		{B174F6C0-02E9-4B71-A8A8-22C6153A19D9}.Ad-Hoc|ARM64.Build.0 = Release|x64
		{B174F6C0-02E9-4B71-A8A8-22C6153A19D9}.Ad-Hoc|ARM64.Deploy.0 = Release|x64
		{B174F6C0-02E9-4B71-A8A8-22C6153A19D9}.Ad-Hoc|iPhone.ActiveCfg = Release|x64
		{B174F6C0-02E9-4B71-A8A8-22C6153A19D9}.Ad-Hoc|iPhone.Build.0 = Release|x64
		{B174F6C0-02E9-4B71-A8A8-22C6153A19D9}.Ad-Hoc|iPhone.Deploy.0 = Release|x64
		{B174F6C0-02E9-4B71-A8A8-22C6153A19D9}.Ad-Hoc|iPhoneSimulator.ActiveCfg = Release|x64
		{B174F6C0-02E9-4B71-A8A8-22C6153A19D9}.Ad-Hoc|iPhoneSimulator.Build.0 = Release|x64
		{B174F6C0-02E9-4B71-A8A8-22C6153A19D9}.Ad-Hoc|iPhoneSimulator.Deploy.0 = Release|x64
		{B174F6C0-02E9-4B71-A8A8-22C6153A19D9}.Ad-Hoc|x64.ActiveCfg = Release|x64
		{B174F6C0-02E9-4B71-A8A8-22C6153A19D9}.Ad-Hoc|x64.Build.0 = Release|x64
		{B174F6C0-02E9-4B71-A8A8-22C6153A19D9}.Ad-Hoc|x64.Deploy.0 = Release|x64
		{B174F6C0-02E9-4B71-A8A8-22C6153A19D9}.Ad-Hoc|x86.ActiveCfg = Release|x86
		{B174F6C0-02E9-4B71-A8A8-22C6153A19D9}.Ad-Hoc|x86.Build.0 = Release|x86
		{B174F6C0-02E9-4B71-A8A8-22C6153A19D9}.Ad-Hoc|x86.Deploy.0 = Release|x86
		{B174F6C0-02E9-4B71-A8A8-22C6153A19D9}.AppStore|Any CPU.ActiveCfg = Release|x64
		{B174F6C0-02E9-4B71-A8A8-22C6153A19D9}.AppStore|Any CPU.Build.0 = Release|x64
		{B174F6C0-02E9-4B71-A8A8-22C6153A19D9}.AppStore|Any CPU.Deploy.0 = Release|x64
		{B174F6C0-02E9-4B71-A8A8-22C6153A19D9}.AppStore|ARM.ActiveCfg = Release|ARM
		{B174F6C0-02E9-4B71-A8A8-22C6153A19D9}.AppStore|ARM.Build.0 = Release|ARM
		{B174F6C0-02E9-4B71-A8A8-22C6153A19D9}.AppStore|ARM.Deploy.0 = Release|ARM
		{B174F6C0-02E9-4B71-A8A8-22C6153A19D9}.AppStore|ARM64.ActiveCfg = Release|x64
		{B174F6C0-02E9-4B71-A8A8-22C6153A19D9}.AppStore|ARM64.Build.0 = Release|x64
		{B174F6C0-02E9-4B71-A8A8-22C6153A19D9}.AppStore|ARM64.Deploy.0 = Release|x64
		{B174F6C0-02E9-4B71-A8A8-22C6153A19D9}.AppStore|iPhone.ActiveCfg = Release|x64
		{B174F6C0-02E9-4B71-A8A8-22C6153A19D9}.AppStore|iPhone.Build.0 = Release|x64
		{B174F6C0-02E9-4B71-A8A8-22C6153A19D9}.AppStore|iPhone.Deploy.0 = Release|x64
		{B174F6C0-02E9-4B71-A8A8-22C6153A19D9}.AppStore|iPhoneSimulator.ActiveCfg = Release|x64
		{B174F6C0-02E9-4B71-A8A8-22C6153A19D9}.AppStore|iPhoneSimulator.Build.0 = Release|x64
		{B174F6C0-02E9-4B71-A8A8-22C6153A19D9}.AppStore|iPhoneSimulator.Deploy.0 = Release|x64
		{B174F6C0-02E9-4B71-A8A8-22C6153A19D9}.AppStore|x64.ActiveCfg = Release|x64
		{B174F6C0-02E9-4B71-A8A8-22C6153A19D9}.AppStore|x64.Build.0 = Release|x64
		{B174F6C0-02E9-4B71-A8A8-22C6153A19D9}.AppStore|x64.Deploy.0 = Release|x64
		{B174F6C0-02E9-4B71-A8A8-22C6153A19D9}.AppStore|x86.ActiveCfg = Release|x86
		{B174F6C0-02E9-4B71-A8A8-22C6153A19D9}.AppStore|x86.Build.0 = Release|x86
		{B174F6C0-02E9-4B71-A8A8-22C6153A19D9}.AppStore|x86.Deploy.0 = Release|x86
		{B174F6C0-02E9-4B71-A8A8-22C6153A19D9}.Debug|Any CPU.ActiveCfg = Debug|x86
		{B174F6C0-02E9-4B71-A8A8-22C6153A19D9}.Debug|ARM.ActiveCfg = Debug|ARM
		{B174F6C0-02E9-4B71-A8A8-22C6153A19D9}.Debug|ARM.Build.0 = Debug|ARM
		{B174F6C0-02E9-4B71-A8A8-22C6153A19D9}.Debug|ARM.Deploy.0 = Debug|ARM
		{B174F6C0-02E9-4B71-A8A8-22C6153A19D9}.Debug|ARM64.ActiveCfg = Debug|x86
		{B174F6C0-02E9-4B71-A8A8-22C6153A19D9}.Debug|iPhone.ActiveCfg = Debug|x86
		{B174F6C0-02E9-4B71-A8A8-22C6153A19D9}.Debug|iPhoneSimulator.ActiveCfg = Debug|x86
		{B174F6C0-02E9-4B71-A8A8-22C6153A19D9}.Debug|x64.ActiveCfg = Debug|x64
		{B174F6C0-02E9-4B71-A8A8-22C6153A19D9}.Debug|x64.Build.0 = Debug|x64
		{B174F6C0-02E9-4B71-A8A8-22C6153A19D9}.Debug|x64.Deploy.0 = Debug|x64
		{B174F6C0-02E9-4B71-A8A8-22C6153A19D9}.Debug|x86.ActiveCfg = Debug|x86
		{B174F6C0-02E9-4B71-A8A8-22C6153A19D9}.Debug|x86.Build.0 = Debug|x86
		{B174F6C0-02E9-4B71-A8A8-22C6153A19D9}.Debug|x86.Deploy.0 = Debug|x86
		{B174F6C0-02E9-4B71-A8A8-22C6153A19D9}.Release|Any CPU.ActiveCfg = Release|x86
		{B174F6C0-02E9-4B71-A8A8-22C6153A19D9}.Release|ARM.ActiveCfg = Release|ARM
		{B174F6C0-02E9-4B71-A8A8-22C6153A19D9}.Release|ARM.Build.0 = Release|ARM
		{B174F6C0-02E9-4B71-A8A8-22C6153A19D9}.Release|ARM.Deploy.0 = Release|ARM
		{B174F6C0-02E9-4B71-A8A8-22C6153A19D9}.Release|ARM64.ActiveCfg = Release|x86
		{B174F6C0-02E9-4B71-A8A8-22C6153A19D9}.Release|iPhone.ActiveCfg = Release|x86
		{B174F6C0-02E9-4B71-A8A8-22C6153A19D9}.Release|iPhoneSimulator.ActiveCfg = Release|x86
		{B174F6C0-02E9-4B71-A8A8-22C6153A19D9}.Release|x64.ActiveCfg = Release|x64
		{B174F6C0-02E9-4B71-A8A8-22C6153A19D9}.Release|x64.Build.0 = Release|x64
		{B174F6C0-02E9-4B71-A8A8-22C6153A19D9}.Release|x64.Deploy.0 = Release|x64
		{B174F6C0-02E9-4B71-A8A8-22C6153A19D9}.Release|x86.ActiveCfg = Release|x86
		{B174F6C0-02E9-4B71-A8A8-22C6153A19D9}.Release|x86.Build.0 = Release|x86
		{B174F6C0-02E9-4B71-A8A8-22C6153A19D9}.Release|x86.Deploy.0 = Release|x86
		{C5D78C84-1E53-4EC0-AD30-908469DDB62B}.Ad-Hoc|Any CPU.ActiveCfg = Debug|Any CPU
		{C5D78C84-1E53-4EC0-AD30-908469DDB62B}.Ad-Hoc|Any CPU.Build.0 = Debug|Any CPU
		{C5D78C84-1E53-4EC0-AD30-908469DDB62B}.Ad-Hoc|ARM.ActiveCfg = Debug|Any CPU
		{C5D78C84-1E53-4EC0-AD30-908469DDB62B}.Ad-Hoc|ARM.Build.0 = Debug|Any CPU
		{C5D78C84-1E53-4EC0-AD30-908469DDB62B}.Ad-Hoc|ARM64.ActiveCfg = Debug|Any CPU
		{C5D78C84-1E53-4EC0-AD30-908469DDB62B}.Ad-Hoc|ARM64.Build.0 = Debug|Any CPU
		{C5D78C84-1E53-4EC0-AD30-908469DDB62B}.Ad-Hoc|iPhone.ActiveCfg = Debug|Any CPU
		{C5D78C84-1E53-4EC0-AD30-908469DDB62B}.Ad-Hoc|iPhone.Build.0 = Debug|Any CPU
		{C5D78C84-1E53-4EC0-AD30-908469DDB62B}.Ad-Hoc|iPhoneSimulator.ActiveCfg = Debug|Any CPU
		{C5D78C84-1E53-4EC0-AD30-908469DDB62B}.Ad-Hoc|iPhoneSimulator.Build.0 = Debug|Any CPU
		{C5D78C84-1E53-4EC0-AD30-908469DDB62B}.Ad-Hoc|x64.ActiveCfg = Debug|Any CPU
		{C5D78C84-1E53-4EC0-AD30-908469DDB62B}.Ad-Hoc|x64.Build.0 = Debug|Any CPU
		{C5D78C84-1E53-4EC0-AD30-908469DDB62B}.Ad-Hoc|x86.ActiveCfg = Debug|Any CPU
		{C5D78C84-1E53-4EC0-AD30-908469DDB62B}.Ad-Hoc|x86.Build.0 = Debug|Any CPU
		{C5D78C84-1E53-4EC0-AD30-908469DDB62B}.AppStore|Any CPU.ActiveCfg = Debug|Any CPU
		{C5D78C84-1E53-4EC0-AD30-908469DDB62B}.AppStore|Any CPU.Build.0 = Debug|Any CPU
		{C5D78C84-1E53-4EC0-AD30-908469DDB62B}.AppStore|ARM.ActiveCfg = Debug|Any CPU
		{C5D78C84-1E53-4EC0-AD30-908469DDB62B}.AppStore|ARM.Build.0 = Debug|Any CPU
		{C5D78C84-1E53-4EC0-AD30-908469DDB62B}.AppStore|ARM64.ActiveCfg = Debug|Any CPU
		{C5D78C84-1E53-4EC0-AD30-908469DDB62B}.AppStore|ARM64.Build.0 = Debug|Any CPU
		{C5D78C84-1E53-4EC0-AD30-908469DDB62B}.AppStore|iPhone.ActiveCfg = Debug|Any CPU
		{C5D78C84-1E53-4EC0-AD30-908469DDB62B}.AppStore|iPhone.Build.0 = Debug|Any CPU
		{C5D78C84-1E53-4EC0-AD30-908469DDB62B}.AppStore|iPhoneSimulator.ActiveCfg = Debug|Any CPU
		{C5D78C84-1E53-4EC0-AD30-908469DDB62B}.AppStore|iPhoneSimulator.Build.0 = Debug|Any CPU
		{C5D78C84-1E53-4EC0-AD30-908469DDB62B}.AppStore|x64.ActiveCfg = Debug|Any CPU
		{C5D78C84-1E53-4EC0-AD30-908469DDB62B}.AppStore|x64.Build.0 = Debug|Any CPU
		{C5D78C84-1E53-4EC0-AD30-908469DDB62B}.AppStore|x86.ActiveCfg = Debug|Any CPU
		{C5D78C84-1E53-4EC0-AD30-908469DDB62B}.AppStore|x86.Build.0 = Debug|Any CPU
		{C5D78C84-1E53-4EC0-AD30-908469DDB62B}.Debug|Any CPU.ActiveCfg = Debug|Any CPU
		{C5D78C84-1E53-4EC0-AD30-908469DDB62B}.Debug|Any CPU.Build.0 = Debug|Any CPU
		{C5D78C84-1E53-4EC0-AD30-908469DDB62B}.Debug|ARM.ActiveCfg = Debug|Any CPU
		{C5D78C84-1E53-4EC0-AD30-908469DDB62B}.Debug|ARM.Build.0 = Debug|Any CPU
		{C5D78C84-1E53-4EC0-AD30-908469DDB62B}.Debug|ARM64.ActiveCfg = Debug|Any CPU
		{C5D78C84-1E53-4EC0-AD30-908469DDB62B}.Debug|ARM64.Build.0 = Debug|Any CPU
		{C5D78C84-1E53-4EC0-AD30-908469DDB62B}.Debug|iPhone.ActiveCfg = Debug|Any CPU
		{C5D78C84-1E53-4EC0-AD30-908469DDB62B}.Debug|iPhone.Build.0 = Debug|Any CPU
		{C5D78C84-1E53-4EC0-AD30-908469DDB62B}.Debug|iPhoneSimulator.ActiveCfg = Debug|Any CPU
		{C5D78C84-1E53-4EC0-AD30-908469DDB62B}.Debug|iPhoneSimulator.Build.0 = Debug|Any CPU
		{C5D78C84-1E53-4EC0-AD30-908469DDB62B}.Debug|x64.ActiveCfg = Debug|Any CPU
		{C5D78C84-1E53-4EC0-AD30-908469DDB62B}.Debug|x64.Build.0 = Debug|Any CPU
		{C5D78C84-1E53-4EC0-AD30-908469DDB62B}.Debug|x86.ActiveCfg = Debug|Any CPU
		{C5D78C84-1E53-4EC0-AD30-908469DDB62B}.Debug|x86.Build.0 = Debug|Any CPU
		{C5D78C84-1E53-4EC0-AD30-908469DDB62B}.Release|Any CPU.ActiveCfg = Release|Any CPU
		{C5D78C84-1E53-4EC0-AD30-908469DDB62B}.Release|Any CPU.Build.0 = Release|Any CPU
		{C5D78C84-1E53-4EC0-AD30-908469DDB62B}.Release|ARM.ActiveCfg = Release|Any CPU
		{C5D78C84-1E53-4EC0-AD30-908469DDB62B}.Release|ARM.Build.0 = Release|Any CPU
		{C5D78C84-1E53-4EC0-AD30-908469DDB62B}.Release|ARM64.ActiveCfg = Release|Any CPU
		{C5D78C84-1E53-4EC0-AD30-908469DDB62B}.Release|ARM64.Build.0 = Release|Any CPU
		{C5D78C84-1E53-4EC0-AD30-908469DDB62B}.Release|iPhone.ActiveCfg = Release|Any CPU
		{C5D78C84-1E53-4EC0-AD30-908469DDB62B}.Release|iPhone.Build.0 = Release|Any CPU
		{C5D78C84-1E53-4EC0-AD30-908469DDB62B}.Release|iPhoneSimulator.ActiveCfg = Release|Any CPU
		{C5D78C84-1E53-4EC0-AD30-908469DDB62B}.Release|iPhoneSimulator.Build.0 = Release|Any CPU
		{C5D78C84-1E53-4EC0-AD30-908469DDB62B}.Release|x64.ActiveCfg = Release|Any CPU
		{C5D78C84-1E53-4EC0-AD30-908469DDB62B}.Release|x64.Build.0 = Release|Any CPU
		{C5D78C84-1E53-4EC0-AD30-908469DDB62B}.Release|x86.ActiveCfg = Release|Any CPU
		{C5D78C84-1E53-4EC0-AD30-908469DDB62B}.Release|x86.Build.0 = Release|Any CPU
	EndGlobalSection
	GlobalSection(SolutionProperties) = preSolution
		HideSolutionNode = FALSE
	EndGlobalSection
	GlobalSection(ExtensibilityGlobals) = postSolution
		SolutionGuid = {02C31DF1-19B3-4758-8DAE-D86545170BE0}
	EndGlobalSection
EndGlobal
